// !$*UTF8*$!
{
	archiveVersion = 1;
	classes = {
	};
	objectVersion = 77;
	objects = {

/* Begin PBXBuildFile section */
		02426814A334E68AC2EB077D /* VoiceState.swift in Sources */ = {isa = PBXBuildFile; fileRef = 25563E39F08D0F19F538ADD8 /* VoiceState.swift */; };
		03B323E60712D2CA303797A3 /* MockInboxService.swift in Sources */ = {isa = PBXBuildFile; fileRef = 1C8D4D1AE1F87252EEB0C2FF /* MockInboxService.swift */; };
		045CBCF8ADA710846AF339B8 /* HermesClientProtocol.swift in Sources */ = {isa = PBXBuildFile; fileRef = EE6D891E4F6D043CE9C6CC15 /* HermesClientProtocol.swift */; };
		0473E620C237D0016A164470 /* MockNotificationService.swift in Sources */ = {isa = PBXBuildFile; fileRef = C18F83ECB3EC666614F9D54D /* MockNotificationService.swift */; };
		072CE0C8A7A668AA18B93FEA /* LiveInboxService.swift in Sources */ = {isa = PBXBuildFile; fileRef = EE23CAFCDB6E64ED3FFB78BB /* LiveInboxService.swift */; };
		07CBAF78A59A8936AD0CF6BE /* LivePairingService.swift in Sources */ = {isa = PBXBuildFile; fileRef = 2A1DE23F50DFDF112A61490D /* LivePairingService.swift */; };
		0B512CBC16260044F6C0004D /* InboxLocalState.swift in Sources */ = {isa = PBXBuildFile; fileRef = A92C3AB68B134D4A59172990 /* InboxLocalState.swift */; };
		0BC371DA53649A79C69D09BA /* PermissionsScreen.swift in Sources */ = {isa = PBXBuildFile; fileRef = 64446C4449B800327AED04F1 /* PermissionsScreen.swift */; };
		0C26C3D50AEC694EF4DB6CD8 /* LiveHermesClient.swift in Sources */ = {isa = PBXBuildFile; fileRef = 6900DF147D9EF74F5EF3B1D6 /* LiveHermesClient.swift */; };
		0CD417A7D4F86CDEE8D563E8 /* PermissionType.swift in Sources */ = {isa = PBXBuildFile; fileRef = 5FCF8BFBF91DE28E8784BDD0 /* PermissionType.swift */; };
		0FABB63592F7BD36617CFD00 /* Design.swift in Sources */ = {isa = PBXBuildFile; fileRef = 300F951B7DA86D57FE83BC20 /* Design.swift */; };
		110CAA5251E4E079A22CD2A1 /* AppSessionState.swift in Sources */ = {isa = PBXBuildFile; fileRef = 922497E60B94B42BEC2AC2D7 /* AppSessionState.swift */; };
		126F6AF7FCA856CFDF39421F /* ConnectionStatus.swift in Sources */ = {isa = PBXBuildFile; fileRef = 31A754F555998852844790A8 /* ConnectionStatus.swift */; };
		13F3013633224BBB7E91FE4C /* LiveSpeechService.swift in Sources */ = {isa = PBXBuildFile; fileRef = 20748383C1082575AD5C086C /* LiveSpeechService.swift */; };
		0D85577AE612E3F403B8FDD8 /* LiveWakeWordService.swift in Sources */ = {isa = PBXBuildFile; fileRef = 1ED364447C78E43A405CED36 /* LiveWakeWordService.swift */; };
		14448F5F2F1E5014633B134B /* ToolActivityRail.swift in Sources */ = {isa = PBXBuildFile; fileRef = C74EC7B7B8799EA49C9FE12B /* ToolActivityRail.swift */; };
		14705FDAC623D1C946181F91 /* MessageSender.swift in Sources */ = {isa = PBXBuildFile; fileRef = 6865C8B4CE32FE713C940305 /* MessageSender.swift */; };
		1C28312C8A9819F31BBB3386 /* AppStoresTests.swift in Sources */ = {isa = PBXBuildFile; fileRef = 48A1D2D381EA3919E2D8302A /* AppStoresTests.swift */; };
		1CB407EF5D79683130EF86DD /* RelayAPIClient.swift in Sources */ = {isa = PBXBuildFile; fileRef = 77889D1F0949BA7D30FE3A76 /* RelayAPIClient.swift */; };
		1D8288AB2B294CE2A70C7326 /* ResilientInboxService.swift in Sources */ = {isa = PBXBuildFile; fileRef = 5DE4327F2AD595475224778C /* ResilientInboxService.swift */; };
		1EA612E6046B341EBC64339F /* AppPersistenceStoreProtocol.swift in Sources */ = {isa = PBXBuildFile; fileRef = 8041E71D6A63A672AC422F70 /* AppPersistenceStoreProtocol.swift */; };
		1FEC22C919428093E2B18530 /* InboxActionResult.swift in Sources */ = {isa = PBXBuildFile; fileRef = D6DA9663454A883D0B706562 /* InboxActionResult.swift */; };
		209B1214538B65E6ED045C3F /* LiveHealthService.swift in Sources */ = {isa = PBXBuildFile; fileRef = 919BC9F444500ACF290EA9AA /* LiveHealthService.swift */; };
		20CE9A560BB1A46ED0FC5E86 /* HermesHostStore.swift in Sources */ = {isa = PBXBuildFile; fileRef = 099D088C14950F66C936628A /* HermesHostStore.swift */; };
		24A619E2293DDC36112D7FB1 /* LiveNotificationService.swift in Sources */ = {isa = PBXBuildFile; fileRef = 2F0B373CA9EB377B54B6C9CD /* LiveNotificationService.swift */; };
		24ADF49D0A89908EA74858B1 /* HermesHostServiceProtocol.swift in Sources */ = {isa = PBXBuildFile; fileRef = 01A310FC7CE4D91514A32147 /* HermesHostServiceProtocol.swift */; };
		28954832D2F8292FE2718C35 /* VoiceSessionServiceProtocol.swift in Sources */ = {isa = PBXBuildFile; fileRef = 56166EB9EE951AC73734CE7D /* VoiceSessionServiceProtocol.swift */; };
		2ABF0F9EAD035ABE26514847 /* LiveSessionBootstrapService.swift in Sources */ = {isa = PBXBuildFile; fileRef = A74A05574828199D600F3F75 /* LiveSessionBootstrapService.swift */; };
		311C32C38604948756B41932 /* CodeBlockView.swift in Sources */ = {isa = PBXBuildFile; fileRef = F77FB3058B069312B9716844 /* CodeBlockView.swift */; };
		3652BC8BBD34B2AB22476C7C /* SessionBootstrapServiceProtocol.swift in Sources */ = {isa = PBXBuildFile; fileRef = 73518DAA2B5C3318F623C266 /* SessionBootstrapServiceProtocol.swift */; };
		39B3EB23E6D50A2DB15D7189 /* PairedRelayConfiguration.swift in Sources */ = {isa = PBXBuildFile; fileRef = E7FFDDBF96B625F71573F9D5 /* PairedRelayConfiguration.swift */; };
		3A415263748596A1B2C3D4E5 /* CarPlaySceneDelegate.swift in Sources */ = {isa = PBXBuildFile; fileRef = A1B2C3D4E5F60718293041A2 /* CarPlaySceneDelegate.swift */; };
		3FD762BB48352F4B7832682D /* HealthServiceProtocol.swift in Sources */ = {isa = PBXBuildFile; fileRef = A365392D8FF6A1CA075D55F9 /* HealthServiceProtocol.swift */; };
		407CFBF26B282A2960795CE6 /* PermissionStatus.swift in Sources */ = {isa = PBXBuildFile; fileRef = 9ED29B54E6DCD5E9B71B4628 /* PermissionStatus.swift */; };
		415B41D3E6722C9A145EEE21 /* Assets.xcassets in Resources */ = {isa = PBXBuildFile; fileRef = 3C649C9B4BAD6717BFF735EB /* Assets.xcassets */; };
		42A73FB8DF4A3E5BCBE7A38C /* AttachmentPickerSheet.swift in Sources */ = {isa = PBXBuildFile; fileRef = 563A8C074CFB49E60CF6686E /* AttachmentPickerSheet.swift */; };
		458E4319DAC3C7EEDBDE7B2A /* InboxStore.swift in Sources */ = {isa = PBXBuildFile; fileRef = 36500DDDD7B917A3A3C1A3FC /* InboxStore.swift */; };
		45A54F7906B0B49C0B4E7E7C /* Router.swift in Sources */ = {isa = PBXBuildFile; fileRef = AB1880E820004460E87BD27B /* Router.swift */; };
		4623F2B0A173132A5E8F5B6F /* PairingStore.swift in Sources */ = {isa = PBXBuildFile; fileRef = F07B14E26F36BD2CD9778781 /* PairingStore.swift */; };
		46B877D011AAEDB818450A93 /* ToolActivity.swift in Sources */ = {isa = PBXBuildFile; fileRef = D434755EB1B165DD0C31EDEF /* ToolActivity.swift */; };
		48EA1D2ECF55A452C1F6F592 /* AppEntry.swift in Sources */ = {isa = PBXBuildFile; fileRef = E0F3E6FB4FF8FE4136F81A16 /* AppEntry.swift */; };
		4B526374859607A1B2C3D4E5 /* CarPlayVoiceManager.swift in Sources */ = {isa = PBXBuildFile; fileRef = B2C3D4E5F6071829304152B3 /* CarPlayVoiceManager.swift */; };
		4C64BF7DDF1D091C69D951DA /* MockPairingService.swift in Sources */ = {isa = PBXBuildFile; fileRef = C4B88518DD7E6AF5C23C915F /* MockPairingService.swift */; };
		4CDD8580F03823A1A9ABD9A5 /* ContentView.swift in Sources */ = {isa = PBXBuildFile; fileRef = CAAF4F2F210B5160B5268CF6 /* ContentView.swift */; };
		4D0ED4A2C2E6E6E5C3DA4932 /* AppTemplateUITestsLaunchTests.swift in Sources */ = {isa = PBXBuildFile; fileRef = 9B63F95E9AC1893365E6EFD0 /* AppTemplateUITestsLaunchTests.swift */; };
		4EC5A5015E8DAA73E6150601 /* GlassCircleButton.swift in Sources */ = {isa = PBXBuildFile; fileRef = F5CD2BC0D1F377A4211097C1 /* GlassCircleButton.swift */; };
		50E1D7DDEAA35139DA020BFB /* UserDefaultsAppPersistenceStore.swift in Sources */ = {isa = PBXBuildFile; fileRef = EF9D9C3F3DC8A0B7DF53278B /* UserDefaultsAppPersistenceStore.swift */; };
		526CC1358117C10782098513 /* PermissionsOnboardingScreen.swift in Sources */ = {isa = PBXBuildFile; fileRef = 3C463C979C92A1860682D8C2 /* PermissionsOnboardingScreen.swift */; };
		5325ED120BC8BFD50295C760 /* CodeDiff.swift in Sources */ = {isa = PBXBuildFile; fileRef = B930D429179DCD2E18B056CF /* CodeDiff.swift */; };
		53774770A0DA6C7475CFF2F9 /* ChatInputBar.swift in Sources */ = {isa = PBXBuildFile; fileRef = B0579B075189F65103B6B277 /* ChatInputBar.swift */; };
		54DA8267DE03CA306CF575B6 /* MarkdownContentView.swift in Sources */ = {isa = PBXBuildFile; fileRef = 6109316083425073F0703CE6 /* MarkdownContentView.swift */; };
		56DB6FEB2CE77EDD26CFA5E0 /* Message.swift in Sources */ = {isa = PBXBuildFile; fileRef = 8F93EA9C1C026795AB668C6E /* Message.swift */; };
		585427AAF0E7B38F1C57FC15 /* PermissionsStore.swift in Sources */ = {isa = PBXBuildFile; fileRef = ACB3C95563F41E3B154C3DF3 /* PermissionsStore.swift */; };
		5C637485960718A1B2C3D4E5 /* SharedWidgetDataStore.swift in Sources */ = {isa = PBXBuildFile; fileRef = C3D4E5F607182930415263C4 /* SharedWidgetDataStore.swift */; };
		5F823D253275EC39470DF3C9 /* ResilientSessionBootstrapService.swift in Sources */ = {isa = PBXBuildFile; fileRef = A742298DC50F521403AA5AF7 /* ResilientSessionBootstrapService.swift */; };
		61009C17CACB163B4CEB157F /* MockHealthService.swift in Sources */ = {isa = PBXBuildFile; fileRef = 5B914BAD0AFF93498E42755F /* MockHealthService.swift */; };
		6215AEB9A4FF670A8CC394A1 /* SecureStoreProtocol.swift in Sources */ = {isa = PBXBuildFile; fileRef = C37C1DE0D5E3A2479A403577 /* SecureStoreProtocol.swift */; };
		63CB41A549C6920B0E65ED09 /* SetupCodeScannerView.swift in Sources */ = {isa = PBXBuildFile; fileRef = 9AC1AD1AB19EF5AD0090CF6B /* SetupCodeScannerView.swift */; };
		647FC4C343BFD91629081E00 /* VoiceOverlayScreen.swift in Sources */ = {isa = PBXBuildFile; fileRef = 999D8CC54FC19BE17E62FCBB /* VoiceOverlayScreen.swift */; };
		66F661BD80D0B6748FE1F0FB /* View+Glass.swift in Sources */ = {isa = PBXBuildFile; fileRef = 552AD46315A71C0902D3FBCF /* View+Glass.swift */; };
		67B076ED63C45E77BD8E5EB3 /* InboxItemType.swift in Sources */ = {isa = PBXBuildFile; fileRef = AE8FD905E062B542AFF9DAF8 /* InboxItemType.swift */; };
		684B5824B5B20A8B4B2B61A4 /* TypingDotsView.swift in Sources */ = {isa = PBXBuildFile; fileRef = 4F8057761C060F666F9A9F5D /* TypingDotsView.swift */; };
		6A2C91BD3A81E8894274CAB5 /* AppRootView.swift in Sources */ = {isa = PBXBuildFile; fileRef = 9524CA486085A8EF6DF0E1B0 /* AppRootView.swift */; };
		6A7C4C3F6A0DC22C8AA7C541 /* SlashCommandMenu.swift in Sources */ = {isa = PBXBuildFile; fileRef = 4836A4F88BB033E9AB3934DE /* SlashCommandMenu.swift */; };
		6D748596071829A1B2C3D4E5 /* HermesWidgetData.swift in Sources */ = {isa = PBXBuildFile; fileRef = D4E5F6071829304152637405 /* HermesWidgetData.swift */; };
		6E62879A59CA5F4B11AA2011 /* DeviceCapability.swift in Sources */ = {isa = PBXBuildFile; fileRef = A20870910260860BA2EF0F2D /* DeviceCapability.swift */; };
		6F7299596D6896FC4DCDD54F /* SettingsSectionView.swift in Sources */ = {isa = PBXBuildFile; fileRef = B38CB9F28FDEBB0ED738F6DE /* SettingsSectionView.swift */; };
		6FDFA10589125D5618AE806A /* PairingServiceProtocol.swift in Sources */ = {isa = PBXBuildFile; fileRef = 5A2EEE2A3714BA7D20F4DAD3 /* PairingServiceProtocol.swift */; };
		7227917E0E52234618E295CF /* MockSessionBootstrapService.swift in Sources */ = {isa = PBXBuildFile; fileRef = 48CCADC5326C77064FBA74A8 /* MockSessionBootstrapService.swift */; };
		7483541B769F82DB0460EC74 /* AppSessionStore.swift in Sources */ = {isa = PBXBuildFile; fileRef = 60595DBB84195D18930C1EA4 /* AppSessionStore.swift */; };
		77CE628ECAFBA5D97367DE4F /* HermesAvatar.swift in Sources */ = {isa = PBXBuildFile; fileRef = 8F4A1792E97908BEC0A5E3B9 /* HermesAvatar.swift */; };
		78E916A7C30474717FE1F7DC /* AppContainer.swift in Sources */ = {isa = PBXBuildFile; fileRef = CA93F2699F9EC40320913207 /* AppContainer.swift */; };
		7CCA5E8107CF3C9BB43122B8 /* SyncStatus.swift in Sources */ = {isa = PBXBuildFile; fileRef = 561DF9AAC20E54C588728A35 /* SyncStatus.swift */; };
		7E859607182930A1B2C3D4E5 /* HermesStatusWidget.swift in Sources */ = {isa = PBXBuildFile; fileRef = E5F607182930415263748516 /* HermesStatusWidget.swift */; };
		829DAB33AAE55C542CD52647 /* LiveMediaService.swift in Sources */ = {isa = PBXBuildFile; fileRef = B17FA563A84FF6E9434C7AD7 /* LiveMediaService.swift */; };
		83276A3300561B4D944C3708 /* MockVoiceSessionService.swift in Sources */ = {isa = PBXBuildFile; fileRef = 354134DC5125C4CA0FEC05A6 /* MockVoiceSessionService.swift */; };
		841AB5234D72298AF38AFCE2 /* TokenUsage.swift in Sources */ = {isa = PBXBuildFile; fileRef = 5042915D47BD430A384EF31A /* TokenUsage.swift */; };
		85AD98E44891203305628F5C /* AppTemplateTests.swift in Sources */ = {isa = PBXBuildFile; fileRef = 913ED4F6E33142A78F4B8FAA /* AppTemplateTests.swift */; };
		893D0D495083F37BCF9B6905 /* InboxItem.swift in Sources */ = {isa = PBXBuildFile; fileRef = E6D300D8D0E2E28C8BC68615 /* InboxItem.swift */; };
		8B995CDE1CECBA332A9984BD /* DemoData.swift in Sources */ = {isa = PBXBuildFile; fileRef = F9AAD43838EF351D00563C90 /* DemoData.swift */; };
		8E919C76F28AF74FAAF20917 /* MessageBubble.swift in Sources */ = {isa = PBXBuildFile; fileRef = 46858B8543204DFA6C63AD3E /* MessageBubble.swift */; };
		8EBAC29E9DD13427CD69395E /* HostEnrollmentCode.swift in Sources */ = {isa = PBXBuildFile; fileRef = 10FCCF49653C4D623A96D6DA /* HostEnrollmentCode.swift */; };
		8EE6335A5A83806277B4807D /* TranscriptView.swift in Sources */ = {isa = PBXBuildFile; fileRef = ACA9EAEA0FB9A191B973744D /* TranscriptView.swift */; };
		8F960718293041A1B2C3D4E5 /* HermesHealthWidget.swift in Sources */ = {isa = PBXBuildFile; fileRef = F6071829304152637485961A /* HermesHealthWidget.swift */; };
		9233A45BF9167549ADA63749 /* ConnectHermesScreen.swift in Sources */ = {isa = PBXBuildFile; fileRef = 50367EF4B21D0D34835F795F /* ConnectHermesScreen.swift */; };
		923974AC683C9F178265F311 /* InboxItemDetailSheet.swift in Sources */ = {isa = PBXBuildFile; fileRef = CA772C34458FD57DAF067FBB /* InboxItemDetailSheet.swift */; };
		928BB6D639DB244C9ABDAF6C /* VoiceSessionBanner.swift in Sources */ = {isa = PBXBuildFile; fileRef = 99D21F03C721F54F30751984 /* VoiceSessionBanner.swift */; };
		9711A0154899E85584526483 /* LocationServiceProtocol.swift in Sources */ = {isa = PBXBuildFile; fileRef = E963F520419ACAC16EF3BB13 /* LocationServiceProtocol.swift */; };
		9A071829304152A1B2C3D4E5 /* HermesTimelineProvider.swift in Sources */ = {isa = PBXBuildFile; fileRef = 071829304152637485961A2B /* HermesTimelineProvider.swift */; };
		9BB3ED1B07E76217411E1383 /* HermesHostStatus.swift in Sources */ = {isa = PBXBuildFile; fileRef = 06E9521DE6CA159C9089AB10 /* HermesHostStatus.swift */; };
		9C98ECE89B5BCBF8C516E719 /* InboxServiceProtocol.swift in Sources */ = {isa = PBXBuildFile; fileRef = 3B0D65894E05A8CB60246986 /* InboxServiceProtocol.swift */; };
		9E292D04C207E3FF0AA3E16A /* HermesWidgetBundle.swift in Sources */ = {isa = PBXBuildFile; fileRef = 91C2F6A36BBB87D0B1AD475E /* HermesWidgetBundle.swift */; };
		9ED2C6ABCCF0320249860C44 /* MediaServiceProtocol.swift in Sources */ = {isa = PBXBuildFile; fileRef = 6AC675ACB6407262E9D2363E /* MediaServiceProtocol.swift */; };
		9FEE3209117EA59B1422B99B /* HermesLiveActivity.swift in Sources */ = {isa = PBXBuildFile; fileRef = DD51D8251EE8BD9F66B64D2F /* HermesLiveActivity.swift */; };
		A0580A5DDE956E58669DAE6E /* WebRTC in Frameworks */ = {isa = PBXBuildFile; productRef = A81D1840456136290E452975 /* WebRTC */; };
		A5A13469D1032CCB24C6D9A5 /* HermesActivityAttributes.swift in Sources */ = {isa = PBXBuildFile; fileRef = 3ACC623FAF147465BB777E42 /* HermesActivityAttributes.swift */; };
		A5A396EDE71010521DDB83DC /* SettingsStore.swift in Sources */ = {isa = PBXBuildFile; fileRef = 41F982E7FF317AD2BDA8879C /* SettingsStore.swift */; };
		A5C1CBE7C0C19B80EC44830A /* TalkStore.swift in Sources */ = {isa = PBXBuildFile; fileRef = 2A16440BD7ECCFF064BD6232 /* TalkStore.swift */; };
		A6051FFCA60EC1F263EF9FA8 /* MockHermesHostService.swift in Sources */ = {isa = PBXBuildFile; fileRef = 1ABD6B7D4D5606CBC4DF62B6 /* MockHermesHostService.swift */; };
		A6654988BF2FDD648D831974 /* PermissionCard.swift in Sources */ = {isa = PBXBuildFile; fileRef = B354E6E6D6AC21EDD7FE239F /* PermissionCard.swift */; };
		A763AB35A7712B3BED13720A /* LiveActivityService.swift in Sources */ = {isa = PBXBuildFile; fileRef = 04F42F9635D3B0FBB6CA58A5 /* LiveActivityService.swift */; };
		A97B66C40C464D01A33417C0 /* MockSecureStore.swift in Sources */ = {isa = PBXBuildFile; fileRef = 014F7454548D4B275B575E61 /* MockSecureStore.swift */; };
		AA22CD12B59AED0D88F9AC4C /* MessageStatus.swift in Sources */ = {isa = PBXBuildFile; fileRef = CCCECDD8C05223FD5B22B5AD /* MessageStatus.swift */; };
		AB182930415263A1B2C3D4E5 /* HermesWidgetData.swift in Sources */ = {isa = PBXBuildFile; fileRef = 1829304152637485961A2B3C /* HermesWidgetData.swift */; };
		AB572736AB8CAC0AE51A2172 /* SessionBootstrapResponse.swift in Sources */ = {isa = PBXBuildFile; fileRef = 501C5DE3651F484BE9B36D0A /* SessionBootstrapResponse.swift */; };
		B1A2C3D4E5F607182930A1B2 /* LiveActivityPreviews.swift in Sources */ = {isa = PBXBuildFile; fileRef = C2B3D4E5F6071829304050A1 /* LiveActivityPreviews.swift */; };
		B4095C26025A6A2BE4C729EC /* KeychainSecureStore.swift in Sources */ = {isa = PBXBuildFile; fileRef = 9C0F5A52769E2B66E7288C6B /* KeychainSecureStore.swift */; };
		B69560553DACF718E04C2C8F /* VoiceAttachmentSheet.swift in Sources */ = {isa = PBXBuildFile; fileRef = 568985D9F893D7F736D7DC01 /* VoiceAttachmentSheet.swift */; };
		B888DF20EF13BD44C49678F7 /* RelaySetupCodePayload.swift in Sources */ = {isa = PBXBuildFile; fileRef = 45DB9BCE68964122D05D4FA6 /* RelaySetupCodePayload.swift */; };
		B8C63D3A03AD008773D17698 /* LiveLocationService.swift in Sources */ = {isa = PBXBuildFile; fileRef = 4F2398FD47FD130A036D9EAF /* LiveLocationService.swift */; };
		BD831385635A70421E230DFF /* SyncCoordinatorProtocol.swift in Sources */ = {isa = PBXBuildFile; fileRef = A3638A04F9C4EF799250E210 /* SyncCoordinatorProtocol.swift */; };
		BEB46DCA8E625E9631C185BC /* ResilientHermesClient.swift in Sources */ = {isa = PBXBuildFile; fileRef = 539E2CFF8AC26909D0C7EFC0 /* ResilientHermesClient.swift */; };
		BFEAA06886FD3339C0BBFD92 /* MockHermesClient.swift in Sources */ = {isa = PBXBuildFile; fileRef = D9D6BC0C9C8D1F32E5A124FA /* MockHermesClient.swift */; };
		C0CD27ECCF44C6C7A59318B8 /* StatusCardView.swift in Sources */ = {isa = PBXBuildFile; fileRef = E180BD123CA9D0BF9ED53F1D /* StatusCardView.swift */; };
		C4FA21C5F57F56E2E233B8C6 /* InboxItemRow.swift in Sources */ = {isa = PBXBuildFile; fileRef = B81BB87367C8F266CE9D8A81 /* InboxItemRow.swift */; };
		C50759AFB789B4D6B6EE5C70 /* AppTemplateUITests.swift in Sources */ = {isa = PBXBuildFile; fileRef = 324210CDA9855FA02403D143 /* AppTemplateUITests.swift */; };
		C50ACF4F25074932C66E149F /* InboxItemPriority.swift in Sources */ = {isa = PBXBuildFile; fileRef = 42907FF1556CBA2AE7CF48E4 /* InboxItemPriority.swift */; };
		C5CFC7EFE001ED7BC1EA4AD4 /* CaptureScreen.swift in Sources */ = {isa = PBXBuildFile; fileRef = 8DED02E086C9C76B2628D59D /* CaptureScreen.swift */; };
		C7452B1D2AA98D2A5E02056F /* MockMediaService.swift in Sources */ = {isa = PBXBuildFile; fileRef = 70A40E5EA51E036A1BD1C3AE /* MockMediaService.swift */; };
		C877C77B3DB9D162B70F6E80 /* Conversation.swift in Sources */ = {isa = PBXBuildFile; fileRef = 6063F0C3EB257DC070FFBAC3 /* Conversation.swift */; };
		C99F0FEC8F2FF6C7AFAA8A94 /* UserSettings.swift in Sources */ = {isa = PBXBuildFile; fileRef = 33AA48ED37DFFBB2A6757A41 /* UserSettings.swift */; };
		C9A79DA143EE532669AA4961 /* LiveMotionService.swift in Sources */ = {isa = PBXBuildFile; fileRef = D9866832C1360E12474ACA37 /* LiveMotionService.swift */; };
		CA30016E1E14245DE4E23BBE /* MockSyncCoordinator.swift in Sources */ = {isa = PBXBuildFile; fileRef = B9386D66627C83DCF370CDC9 /* MockSyncCoordinator.swift */; };
		CA98C949007B9A4AD6218795 /* ThinkingIndicatorView.swift in Sources */ = {isa = PBXBuildFile; fileRef = 5828186454A1762F98821070 /* ThinkingIndicatorView.swift */; };
		CD1A4152969628A536D82F08 /* PendingAttachment.swift in Sources */ = {isa = PBXBuildFile; fileRef = 1039BF472349974021D833D4 /* PendingAttachment.swift */; };
		CD688BE7A349D0D18DAAF80B /* TalkModeScreen.swift in Sources */ = {isa = PBXBuildFile; fileRef = 0AF4260FC3B1887B0CE20802 /* TalkModeScreen.swift */; };
		CD68F983F51FF07791DF34DC /* NotificationServiceProtocol.swift in Sources */ = {isa = PBXBuildFile; fileRef = E19B4F10FBB5D872518481F9 /* NotificationServiceProtocol.swift */; };
		CE55F28F5AF41AE1C200A564 /* ConnectHermesHostScreen.swift in Sources */ = {isa = PBXBuildFile; fileRef = 873DE955C6B80F27581DA9B1 /* ConnectHermesHostScreen.swift */; };
		CF02B513265DDFE8A1376364 /* LiveHermesHostService.swift in Sources */ = {isa = PBXBuildFile; fileRef = 18C2AFDCFC6C6C119984318D /* LiveHermesHostService.swift */; };
		D1E2F3A4B5C6D7E8F9A0B1C2 /* HermesMobileWidgets.appex in Embed App Extensions */ = {isa = PBXBuildFile; fileRef = CB1E16EC7AC1A55E87ED87EA /* HermesMobileWidgets.appex */; settings = {ATTRIBUTES = (RemoveHeadersOnCopy, ); }; };
		D43AED1BDA4C8A924220E310 /* LiveCameraOverlay.swift in Sources */ = {isa = PBXBuildFile; fileRef = DEA50CBA8A24483611C2F528 /* LiveCameraOverlay.swift */; };
		D4459E9B350994A6B0C4D284 /* MockLocationService.swift in Sources */ = {isa = PBXBuildFile; fileRef = 164FC29A86F0762768A9E444 /* MockLocationService.swift */; };
		D5F972289540E4C859061FC1 /* SlashCommand.swift in Sources */ = {isa = PBXBuildFile; fileRef = 9FF6C9CA515F8316F3CC8DDF /* SlashCommand.swift */; };
		DB13D240C5F7B8919C8FF881 /* ChatStore.swift in Sources */ = {isa = PBXBuildFile; fileRef = 0220D103178EF414928CFCA7 /* ChatStore.swift */; };
		DEA375A9D664BF1F4E2E5F60 /* StreamingUpdate.swift in Sources */ = {isa = PBXBuildFile; fileRef = D413F0B4D4CB0A7613A4A0E6 /* StreamingUpdate.swift */; };
		E515B2B803409DD8B53A65A2 /* SettingsScreen.swift in Sources */ = {isa = PBXBuildFile; fileRef = 7745C09181860B8818753B91 /* SettingsScreen.swift */; };
		E59F127A0B1337B11B4C597C /* MarkdownParser.swift in Sources */ = {isa = PBXBuildFile; fileRef = 070BFE52E0723E54873A512C /* MarkdownParser.swift */; };
		E676CA3A6B55C3C7165ECCF9 /* StatusIndicator.swift in Sources */ = {isa = PBXBuildFile; fileRef = 5665A55DF2AA6C863DF0B5C3 /* StatusIndicator.swift */; };
		E67A50E52CF031063DC18889 /* SensorUploadService.swift in Sources */ = {isa = PBXBuildFile; fileRef = 3378BC22D9BB239E8E908A2D /* SensorUploadService.swift */; };
		E6A78372B6B7589A6A1A4F11 /* PairingRedeemResult.swift in Sources */ = {isa = PBXBuildFile; fileRef = E900FB004E762EAB2F356D20 /* PairingRedeemResult.swift */; };
		EC12F4C662B693B3A35DE631 /* SSEEvent.swift in Sources */ = {isa = PBXBuildFile; fileRef = 2ECACAA86DB09074EAFE915E /* SSEEvent.swift */; };
		EDC2F4F6CA50313F1CC28D7F /* InboxItemStatus.swift in Sources */ = {isa = PBXBuildFile; fileRef = AB8310F89CA2968FAB6C0449 /* InboxItemStatus.swift */; };
		EF8D01C28E3DA97046B0BB6E /* AuthTokens.swift in Sources */ = {isa = PBXBuildFile; fileRef = AE3B66D321B1CAE14ABFE741 /* AuthTokens.swift */; };
		F4CF86B7AFB2A467753E72A0 /* LiveVoiceSessionService.swift in Sources */ = {isa = PBXBuildFile; fileRef = 607671AC8EF52AAFE3131430 /* LiveVoiceSessionService.swift */; };
		F5674A24F794B94C05ECE13D /* InboxActionDescriptor.swift in Sources */ = {isa = PBXBuildFile; fileRef = 41A7265DC07E05B68C845778 /* InboxActionDescriptor.swift */; };
		F60DC3A22AC1A6ECD890F1F3 /* InboxScreen.swift in Sources */ = {isa = PBXBuildFile; fileRef = 5562189905DA6369B41F16A6 /* InboxScreen.swift */; };
		F652AE2AEDE94178EEF5235E /* DeviceRegistrationRequest.swift in Sources */ = {isa = PBXBuildFile; fileRef = 43EABB109930DF9870A27636 /* DeviceRegistrationRequest.swift */; };
		F82EC87195EF3AC1E7A40228 /* HermesActivityAttributes.swift in Sources */ = {isa = PBXBuildFile; fileRef = 078C83E5060FEBACAC22F2F2 /* HermesActivityAttributes.swift */; };
		FBEB6A5AF7C3BE8EAD329817 /* HapticEngine.swift in Sources */ = {isa = PBXBuildFile; fileRef = A2B04B5A213133A77C0982DE /* HapticEngine.swift */; };
		FC8CA757C10C10EFF9152E1D /* InlineDiffView.swift in Sources */ = {isa = PBXBuildFile; fileRef = 9C0C759CDC6D4A2C62DFBE6B /* InlineDiffView.swift */; };
		FE7522860C6E4CDA2A7AEB11 /* VoiceOrb.swift in Sources */ = {isa = PBXBuildFile; fileRef = 3C0CE3739DE97A0EED8BF86C /* VoiceOrb.swift */; };
		FF1CE050B0F7CC3E16212121 /* ChatScreen.swift in Sources */ = {isa = PBXBuildFile; fileRef = 1AB61078198CA1379D8F50ED /* ChatScreen.swift */; };
/* End PBXBuildFile section */

/* Begin PBXContainerItemProxy section */
		4E0F313148096317694C55E5 /* PBXContainerItemProxy */ = {
			isa = PBXContainerItemProxy;
			containerPortal = 2358AE5B1FB017C5923C2FD9 /* Project object */;
			proxyType = 1;
			remoteGlobalIDString = E084E7061D97A1CB68FAED6E;
			remoteInfo = HermesMobile;
		};
		A1B2C3D4E5F60718293A4B5C /* PBXContainerItemProxy */ = {
			isa = PBXContainerItemProxy;
			containerPortal = 2358AE5B1FB017C5923C2FD9 /* Project object */;
			proxyType = 1;
			remoteGlobalIDString = A0BF011ADBF960517B174268;
			remoteInfo = HermesMobileWidgets;
		};
		C0035DFAE736CD216744D2C4 /* PBXContainerItemProxy */ = {
			isa = PBXContainerItemProxy;
			containerPortal = 2358AE5B1FB017C5923C2FD9 /* Project object */;
			proxyType = 1;
			remoteGlobalIDString = E084E7061D97A1CB68FAED6E;
			remoteInfo = HermesMobile;
		};
/* End PBXContainerItemProxy section */

/* Begin PBXCopyFilesBuildPhase section */
		E2F3A4B5C6D7E8F9A0B1C2D3 /* Embed App Extensions */ = {
			isa = PBXCopyFilesBuildPhase;
			buildActionMask = 2147483647;
			dstPath = "";
			dstSubfolderSpec = 13;
			files = (
				D1E2F3A4B5C6D7E8F9A0B1C2 /* HermesMobileWidgets.appex in Embed App Extensions */,
			);
			name = "Embed App Extensions";
			runOnlyForDeploymentPostprocessing = 0;
		};
/* End PBXCopyFilesBuildPhase section */

/* Begin PBXFileReference section */
		014F7454548D4B275B575E61 /* MockSecureStore.swift */ = {isa = PBXFileReference; lastKnownFileType = sourcecode.swift; path = MockSecureStore.swift; sourceTree = "<group>"; };
		01A310FC7CE4D91514A32147 /* HermesHostServiceProtocol.swift */ = {isa = PBXFileReference; lastKnownFileType = sourcecode.swift; path = HermesHostServiceProtocol.swift; sourceTree = "<group>"; };
		0220D103178EF414928CFCA7 /* ChatStore.swift */ = {isa = PBXFileReference; lastKnownFileType = sourcecode.swift; path = ChatStore.swift; sourceTree = "<group>"; };
		04F42F9635D3B0FBB6CA58A5 /* LiveActivityService.swift */ = {isa = PBXFileReference; lastKnownFileType = sourcecode.swift; path = LiveActivityService.swift; sourceTree = "<group>"; };
		06E9521DE6CA159C9089AB10 /* HermesHostStatus.swift */ = {isa = PBXFileReference; lastKnownFileType = sourcecode.swift; path = HermesHostStatus.swift; sourceTree = "<group>"; };
		070BFE52E0723E54873A512C /* MarkdownParser.swift */ = {isa = PBXFileReference; lastKnownFileType = sourcecode.swift; path = MarkdownParser.swift; sourceTree = "<group>"; };
		071829304152637485961A2B /* HermesTimelineProvider.swift */ = {isa = PBXFileReference; lastKnownFileType = sourcecode.swift; path = HermesTimelineProvider.swift; sourceTree = "<group>"; };
		078C83E5060FEBACAC22F2F2 /* HermesActivityAttributes.swift */ = {isa = PBXFileReference; lastKnownFileType = sourcecode.swift; path = HermesActivityAttributes.swift; sourceTree = "<group>"; };
		099D088C14950F66C936628A /* HermesHostStore.swift */ = {isa = PBXFileReference; lastKnownFileType = sourcecode.swift; path = HermesHostStore.swift; sourceTree = "<group>"; };
		0AF4260FC3B1887B0CE20802 /* TalkModeScreen.swift */ = {isa = PBXFileReference; lastKnownFileType = sourcecode.swift; path = TalkModeScreen.swift; sourceTree = "<group>"; };
		1039BF472349974021D833D4 /* PendingAttachment.swift */ = {isa = PBXFileReference; lastKnownFileType = sourcecode.swift; path = PendingAttachment.swift; sourceTree = "<group>"; };
		10FCCF49653C4D623A96D6DA /* HostEnrollmentCode.swift */ = {isa = PBXFileReference; lastKnownFileType = sourcecode.swift; path = HostEnrollmentCode.swift; sourceTree = "<group>"; };
		164FC29A86F0762768A9E444 /* MockLocationService.swift */ = {isa = PBXFileReference; lastKnownFileType = sourcecode.swift; path = MockLocationService.swift; sourceTree = "<group>"; };
		1829304152637485961A2B3C /* HermesWidgetData.swift */ = {isa = PBXFileReference; lastKnownFileType = sourcecode.swift; path = HermesWidgetData.swift; sourceTree = "<group>"; };
		18C2AFDCFC6C6C119984318D /* LiveHermesHostService.swift */ = {isa = PBXFileReference; lastKnownFileType = sourcecode.swift; path = LiveHermesHostService.swift; sourceTree = "<group>"; };
		1AB61078198CA1379D8F50ED /* ChatScreen.swift */ = {isa = PBXFileReference; lastKnownFileType = sourcecode.swift; path = ChatScreen.swift; sourceTree = "<group>"; };
		1ABD6B7D4D5606CBC4DF62B6 /* MockHermesHostService.swift */ = {isa = PBXFileReference; lastKnownFileType = sourcecode.swift; path = MockHermesHostService.swift; sourceTree = "<group>"; };
		1C8D4D1AE1F87252EEB0C2FF /* MockInboxService.swift */ = {isa = PBXFileReference; lastKnownFileType = sourcecode.swift; path = MockInboxService.swift; sourceTree = "<group>"; };
		20748383C1082575AD5C086C /* LiveSpeechService.swift */ = {isa = PBXFileReference; lastKnownFileType = sourcecode.swift; path = LiveSpeechService.swift; sourceTree = "<group>"; };
		1ED364447C78E43A405CED36 /* LiveWakeWordService.swift */ = {isa = PBXFileReference; lastKnownFileType = sourcecode.swift; path = LiveWakeWordService.swift; sourceTree = "<group>"; };
		25563E39F08D0F19F538ADD8 /* VoiceState.swift */ = {isa = PBXFileReference; lastKnownFileType = sourcecode.swift; path = VoiceState.swift; sourceTree = "<group>"; };
		29304152637485961A2B3C4D /* HermesMobileWidgets.entitlements */ = {isa = PBXFileReference; lastKnownFileType = text.plist.entitlements; path = HermesMobileWidgets.entitlements; sourceTree = "<group>"; };
		2A16440BD7ECCFF064BD6232 /* TalkStore.swift */ = {isa = PBXFileReference; lastKnownFileType = sourcecode.swift; path = TalkStore.swift; sourceTree = "<group>"; };
		2A1DE23F50DFDF112A61490D /* LivePairingService.swift */ = {isa = PBXFileReference; lastKnownFileType = sourcecode.swift; path = LivePairingService.swift; sourceTree = "<group>"; };
		2ECACAA86DB09074EAFE915E /* SSEEvent.swift */ = {isa = PBXFileReference; lastKnownFileType = sourcecode.swift; path = SSEEvent.swift; sourceTree = "<group>"; };
		2F0B373CA9EB377B54B6C9CD /* LiveNotificationService.swift */ = {isa = PBXFileReference; lastKnownFileType = sourcecode.swift; path = LiveNotificationService.swift; sourceTree = "<group>"; };
		300F951B7DA86D57FE83BC20 /* Design.swift */ = {isa = PBXFileReference; lastKnownFileType = sourcecode.swift; path = Design.swift; sourceTree = "<group>"; };
		31A754F555998852844790A8 /* ConnectionStatus.swift */ = {isa = PBXFileReference; lastKnownFileType = sourcecode.swift; path = ConnectionStatus.swift; sourceTree = "<group>"; };
		324210CDA9855FA02403D143 /* AppTemplateUITests.swift */ = {isa = PBXFileReference; lastKnownFileType = sourcecode.swift; path = AppTemplateUITests.swift; sourceTree = "<group>"; };
		3378BC22D9BB239E8E908A2D /* SensorUploadService.swift */ = {isa = PBXFileReference; lastKnownFileType = sourcecode.swift; path = SensorUploadService.swift; sourceTree = "<group>"; };
		33AA48ED37DFFBB2A6757A41 /* UserSettings.swift */ = {isa = PBXFileReference; lastKnownFileType = sourcecode.swift; path = UserSettings.swift; sourceTree = "<group>"; };
		354134DC5125C4CA0FEC05A6 /* MockVoiceSessionService.swift */ = {isa = PBXFileReference; lastKnownFileType = sourcecode.swift; path = MockVoiceSessionService.swift; sourceTree = "<group>"; };
		36500DDDD7B917A3A3C1A3FC /* InboxStore.swift */ = {isa = PBXFileReference; lastKnownFileType = sourcecode.swift; path = InboxStore.swift; sourceTree = "<group>"; };
		3ACC623FAF147465BB777E42 /* HermesActivityAttributes.swift */ = {isa = PBXFileReference; lastKnownFileType = sourcecode.swift; path = HermesActivityAttributes.swift; sourceTree = "<group>"; };
		3B0D65894E05A8CB60246986 /* InboxServiceProtocol.swift */ = {isa = PBXFileReference; lastKnownFileType = sourcecode.swift; path = InboxServiceProtocol.swift; sourceTree = "<group>"; };
		3C0CE3739DE97A0EED8BF86C /* VoiceOrb.swift */ = {isa = PBXFileReference; lastKnownFileType = sourcecode.swift; path = VoiceOrb.swift; sourceTree = "<group>"; };
		3C463C979C92A1860682D8C2 /* PermissionsOnboardingScreen.swift */ = {isa = PBXFileReference; lastKnownFileType = sourcecode.swift; path = PermissionsOnboardingScreen.swift; sourceTree = "<group>"; };
		3C649C9B4BAD6717BFF735EB /* Assets.xcassets */ = {isa = PBXFileReference; lastKnownFileType = folder.assetcatalog; path = Assets.xcassets; sourceTree = "<group>"; };
		41A7265DC07E05B68C845778 /* InboxActionDescriptor.swift */ = {isa = PBXFileReference; lastKnownFileType = sourcecode.swift; path = InboxActionDescriptor.swift; sourceTree = "<group>"; };
		41F982E7FF317AD2BDA8879C /* SettingsStore.swift */ = {isa = PBXFileReference; lastKnownFileType = sourcecode.swift; path = SettingsStore.swift; sourceTree = "<group>"; };
		42907FF1556CBA2AE7CF48E4 /* InboxItemPriority.swift */ = {isa = PBXFileReference; lastKnownFileType = sourcecode.swift; path = InboxItemPriority.swift; sourceTree = "<group>"; };
		43EABB109930DF9870A27636 /* DeviceRegistrationRequest.swift */ = {isa = PBXFileReference; lastKnownFileType = sourcecode.swift; path = DeviceRegistrationRequest.swift; sourceTree = "<group>"; };
		45DB9BCE68964122D05D4FA6 /* RelaySetupCodePayload.swift */ = {isa = PBXFileReference; lastKnownFileType = sourcecode.swift; path = RelaySetupCodePayload.swift; sourceTree = "<group>"; };
		46858B8543204DFA6C63AD3E /* MessageBubble.swift */ = {isa = PBXFileReference; lastKnownFileType = sourcecode.swift; path = MessageBubble.swift; sourceTree = "<group>"; };
		4836A4F88BB033E9AB3934DE /* SlashCommandMenu.swift */ = {isa = PBXFileReference; lastKnownFileType = sourcecode.swift; path = SlashCommandMenu.swift; sourceTree = "<group>"; };
		48A1D2D381EA3919E2D8302A /* AppStoresTests.swift */ = {isa = PBXFileReference; lastKnownFileType = sourcecode.swift; path = AppStoresTests.swift; sourceTree = "<group>"; };
		48CCADC5326C77064FBA74A8 /* MockSessionBootstrapService.swift */ = {isa = PBXFileReference; lastKnownFileType = sourcecode.swift; path = MockSessionBootstrapService.swift; sourceTree = "<group>"; };
		4F2398FD47FD130A036D9EAF /* LiveLocationService.swift */ = {isa = PBXFileReference; lastKnownFileType = sourcecode.swift; path = LiveLocationService.swift; sourceTree = "<group>"; };
		4F8057761C060F666F9A9F5D /* TypingDotsView.swift */ = {isa = PBXFileReference; lastKnownFileType = sourcecode.swift; path = TypingDotsView.swift; sourceTree = "<group>"; };
		501C5DE3651F484BE9B36D0A /* SessionBootstrapResponse.swift */ = {isa = PBXFileReference; lastKnownFileType = sourcecode.swift; path = SessionBootstrapResponse.swift; sourceTree = "<group>"; };
		50367EF4B21D0D34835F795F /* ConnectHermesScreen.swift */ = {isa = PBXFileReference; lastKnownFileType = sourcecode.swift; path = ConnectHermesScreen.swift; sourceTree = "<group>"; };
		5042915D47BD430A384EF31A /* TokenUsage.swift */ = {isa = PBXFileReference; lastKnownFileType = sourcecode.swift; path = TokenUsage.swift; sourceTree = "<group>"; };
		539E2CFF8AC26909D0C7EFC0 /* ResilientHermesClient.swift */ = {isa = PBXFileReference; lastKnownFileType = sourcecode.swift; path = ResilientHermesClient.swift; sourceTree = "<group>"; };
		552AD46315A71C0902D3FBCF /* View+Glass.swift */ = {isa = PBXFileReference; lastKnownFileType = sourcecode.swift; path = "View+Glass.swift"; sourceTree = "<group>"; };
		5562189905DA6369B41F16A6 /* InboxScreen.swift */ = {isa = PBXFileReference; lastKnownFileType = sourcecode.swift; path = InboxScreen.swift; sourceTree = "<group>"; };
		56166EB9EE951AC73734CE7D /* VoiceSessionServiceProtocol.swift */ = {isa = PBXFileReference; lastKnownFileType = sourcecode.swift; path = VoiceSessionServiceProtocol.swift; sourceTree = "<group>"; };
		561DF9AAC20E54C588728A35 /* SyncStatus.swift */ = {isa = PBXFileReference; lastKnownFileType = sourcecode.swift; path = SyncStatus.swift; sourceTree = "<group>"; };
		563A8C074CFB49E60CF6686E /* AttachmentPickerSheet.swift */ = {isa = PBXFileReference; lastKnownFileType = sourcecode.swift; path = AttachmentPickerSheet.swift; sourceTree = "<group>"; };
		5665A55DF2AA6C863DF0B5C3 /* StatusIndicator.swift */ = {isa = PBXFileReference; lastKnownFileType = sourcecode.swift; path = StatusIndicator.swift; sourceTree = "<group>"; };
		568985D9F893D7F736D7DC01 /* VoiceAttachmentSheet.swift */ = {isa = PBXFileReference; lastKnownFileType = sourcecode.swift; path = VoiceAttachmentSheet.swift; sourceTree = "<group>"; };
		5828186454A1762F98821070 /* ThinkingIndicatorView.swift */ = {isa = PBXFileReference; lastKnownFileType = sourcecode.swift; path = ThinkingIndicatorView.swift; sourceTree = "<group>"; };
		5A2EEE2A3714BA7D20F4DAD3 /* PairingServiceProtocol.swift */ = {isa = PBXFileReference; lastKnownFileType = sourcecode.swift; path = PairingServiceProtocol.swift; sourceTree = "<group>"; };
		5B190112B3731E98B8EC3A87 /* HermesMobileUITests.xctest */ = {isa = PBXFileReference; includeInIndex = 0; lastKnownFileType = wrapper.cfbundle; path = HermesMobileUITests.xctest; sourceTree = BUILT_PRODUCTS_DIR; };
		5B914BAD0AFF93498E42755F /* MockHealthService.swift */ = {isa = PBXFileReference; lastKnownFileType = sourcecode.swift; path = MockHealthService.swift; sourceTree = "<group>"; };
		5DE4327F2AD595475224778C /* ResilientInboxService.swift */ = {isa = PBXFileReference; lastKnownFileType = sourcecode.swift; path = ResilientInboxService.swift; sourceTree = "<group>"; };
		5FCF8BFBF91DE28E8784BDD0 /* PermissionType.swift */ = {isa = PBXFileReference; lastKnownFileType = sourcecode.swift; path = PermissionType.swift; sourceTree = "<group>"; };
		60595DBB84195D18930C1EA4 /* AppSessionStore.swift */ = {isa = PBXFileReference; lastKnownFileType = sourcecode.swift; path = AppSessionStore.swift; sourceTree = "<group>"; };
		6063F0C3EB257DC070FFBAC3 /* Conversation.swift */ = {isa = PBXFileReference; lastKnownFileType = sourcecode.swift; path = Conversation.swift; sourceTree = "<group>"; };
		607671AC8EF52AAFE3131430 /* LiveVoiceSessionService.swift */ = {isa = PBXFileReference; lastKnownFileType = sourcecode.swift; path = LiveVoiceSessionService.swift; sourceTree = "<group>"; };
		6109316083425073F0703CE6 /* MarkdownContentView.swift */ = {isa = PBXFileReference; lastKnownFileType = sourcecode.swift; path = MarkdownContentView.swift; sourceTree = "<group>"; };
		64446C4449B800327AED04F1 /* PermissionsScreen.swift */ = {isa = PBXFileReference; lastKnownFileType = sourcecode.swift; path = PermissionsScreen.swift; sourceTree = "<group>"; };
		6865C8B4CE32FE713C940305 /* MessageSender.swift */ = {isa = PBXFileReference; lastKnownFileType = sourcecode.swift; path = MessageSender.swift; sourceTree = "<group>"; };
		6900DF147D9EF74F5EF3B1D6 /* LiveHermesClient.swift */ = {isa = PBXFileReference; lastKnownFileType = sourcecode.swift; path = LiveHermesClient.swift; sourceTree = "<group>"; };
		6AC675ACB6407262E9D2363E /* MediaServiceProtocol.swift */ = {isa = PBXFileReference; lastKnownFileType = sourcecode.swift; path = MediaServiceProtocol.swift; sourceTree = "<group>"; };
		70A40E5EA51E036A1BD1C3AE /* MockMediaService.swift */ = {isa = PBXFileReference; lastKnownFileType = sourcecode.swift; path = MockMediaService.swift; sourceTree = "<group>"; };
		73518DAA2B5C3318F623C266 /* SessionBootstrapServiceProtocol.swift */ = {isa = PBXFileReference; lastKnownFileType = sourcecode.swift; path = SessionBootstrapServiceProtocol.swift; sourceTree = "<group>"; };
		7745C09181860B8818753B91 /* SettingsScreen.swift */ = {isa = PBXFileReference; lastKnownFileType = sourcecode.swift; path = SettingsScreen.swift; sourceTree = "<group>"; };
		77889D1F0949BA7D30FE3A76 /* RelayAPIClient.swift */ = {isa = PBXFileReference; lastKnownFileType = sourcecode.swift; path = RelayAPIClient.swift; sourceTree = "<group>"; };
		8041E71D6A63A672AC422F70 /* AppPersistenceStoreProtocol.swift */ = {isa = PBXFileReference; lastKnownFileType = sourcecode.swift; path = AppPersistenceStoreProtocol.swift; sourceTree = "<group>"; };
		873DE955C6B80F27581DA9B1 /* ConnectHermesHostScreen.swift */ = {isa = PBXFileReference; lastKnownFileType = sourcecode.swift; path = ConnectHermesHostScreen.swift; sourceTree = "<group>"; };
		89947254B6F4166F9BFD21E2 /* HermesMobile.entitlements */ = {isa = PBXFileReference; lastKnownFileType = text.plist.entitlements; path = HermesMobile.entitlements; sourceTree = "<group>"; };
		8DED02E086C9C76B2628D59D /* CaptureScreen.swift */ = {isa = PBXFileReference; lastKnownFileType = sourcecode.swift; path = CaptureScreen.swift; sourceTree = "<group>"; };
		8F4A1792E97908BEC0A5E3B9 /* HermesAvatar.swift */ = {isa = PBXFileReference; lastKnownFileType = sourcecode.swift; path = HermesAvatar.swift; sourceTree = "<group>"; };
		8F93EA9C1C026795AB668C6E /* Message.swift */ = {isa = PBXFileReference; lastKnownFileType = sourcecode.swift; path = Message.swift; sourceTree = "<group>"; };
		913ED4F6E33142A78F4B8FAA /* AppTemplateTests.swift */ = {isa = PBXFileReference; lastKnownFileType = sourcecode.swift; path = AppTemplateTests.swift; sourceTree = "<group>"; };
		919BC9F444500ACF290EA9AA /* LiveHealthService.swift */ = {isa = PBXFileReference; lastKnownFileType = sourcecode.swift; path = LiveHealthService.swift; sourceTree = "<group>"; };
		91C2F6A36BBB87D0B1AD475E /* HermesWidgetBundle.swift */ = {isa = PBXFileReference; lastKnownFileType = sourcecode.swift; path = HermesWidgetBundle.swift; sourceTree = "<group>"; };
		922497E60B94B42BEC2AC2D7 /* AppSessionState.swift */ = {isa = PBXFileReference; lastKnownFileType = sourcecode.swift; path = AppSessionState.swift; sourceTree = "<group>"; };
		9524CA486085A8EF6DF0E1B0 /* AppRootView.swift */ = {isa = PBXFileReference; lastKnownFileType = sourcecode.swift; path = AppRootView.swift; sourceTree = "<group>"; };
		999D8CC54FC19BE17E62FCBB /* VoiceOverlayScreen.swift */ = {isa = PBXFileReference; lastKnownFileType = sourcecode.swift; path = VoiceOverlayScreen.swift; sourceTree = "<group>"; };
		99D21F03C721F54F30751984 /* VoiceSessionBanner.swift */ = {isa = PBXFileReference; lastKnownFileType = sourcecode.swift; path = VoiceSessionBanner.swift; sourceTree = "<group>"; };
		9AC1AD1AB19EF5AD0090CF6B /* SetupCodeScannerView.swift */ = {isa = PBXFileReference; lastKnownFileType = sourcecode.swift; path = SetupCodeScannerView.swift; sourceTree = "<group>"; };
		9B63F95E9AC1893365E6EFD0 /* AppTemplateUITestsLaunchTests.swift */ = {isa = PBXFileReference; lastKnownFileType = sourcecode.swift; path = AppTemplateUITestsLaunchTests.swift; sourceTree = "<group>"; };
		9C0C759CDC6D4A2C62DFBE6B /* InlineDiffView.swift */ = {isa = PBXFileReference; lastKnownFileType = sourcecode.swift; path = InlineDiffView.swift; sourceTree = "<group>"; };
		9C0F5A52769E2B66E7288C6B /* KeychainSecureStore.swift */ = {isa = PBXFileReference; lastKnownFileType = sourcecode.swift; path = KeychainSecureStore.swift; sourceTree = "<group>"; };
		9ED29B54E6DCD5E9B71B4628 /* PermissionStatus.swift */ = {isa = PBXFileReference; lastKnownFileType = sourcecode.swift; path = PermissionStatus.swift; sourceTree = "<group>"; };
		9FF6C9CA515F8316F3CC8DDF /* SlashCommand.swift */ = {isa = PBXFileReference; lastKnownFileType = sourcecode.swift; path = SlashCommand.swift; sourceTree = "<group>"; };
		A1B2C3D4E5F60718293041A2 /* CarPlaySceneDelegate.swift */ = {isa = PBXFileReference; lastKnownFileType = sourcecode.swift; path = CarPlaySceneDelegate.swift; sourceTree = "<group>"; };
		A20870910260860BA2EF0F2D /* DeviceCapability.swift */ = {isa = PBXFileReference; lastKnownFileType = sourcecode.swift; path = DeviceCapability.swift; sourceTree = "<group>"; };
		A2B04B5A213133A77C0982DE /* HapticEngine.swift */ = {isa = PBXFileReference; lastKnownFileType = sourcecode.swift; path = HapticEngine.swift; sourceTree = "<group>"; };
		A3638A04F9C4EF799250E210 /* SyncCoordinatorProtocol.swift */ = {isa = PBXFileReference; lastKnownFileType = sourcecode.swift; path = SyncCoordinatorProtocol.swift; sourceTree = "<group>"; };
		A365392D8FF6A1CA075D55F9 /* HealthServiceProtocol.swift */ = {isa = PBXFileReference; lastKnownFileType = sourcecode.swift; path = HealthServiceProtocol.swift; sourceTree = "<group>"; };
		A742298DC50F521403AA5AF7 /* ResilientSessionBootstrapService.swift */ = {isa = PBXFileReference; lastKnownFileType = sourcecode.swift; path = ResilientSessionBootstrapService.swift; sourceTree = "<group>"; };
		A74A05574828199D600F3F75 /* LiveSessionBootstrapService.swift */ = {isa = PBXFileReference; lastKnownFileType = sourcecode.swift; path = LiveSessionBootstrapService.swift; sourceTree = "<group>"; };
		A92C3AB68B134D4A59172990 /* InboxLocalState.swift */ = {isa = PBXFileReference; lastKnownFileType = sourcecode.swift; path = InboxLocalState.swift; sourceTree = "<group>"; };
		AB1880E820004460E87BD27B /* Router.swift */ = {isa = PBXFileReference; lastKnownFileType = sourcecode.swift; path = Router.swift; sourceTree = "<group>"; };
		AB8310F89CA2968FAB6C0449 /* InboxItemStatus.swift */ = {isa = PBXFileReference; lastKnownFileType = sourcecode.swift; path = InboxItemStatus.swift; sourceTree = "<group>"; };
		ACA9EAEA0FB9A191B973744D /* TranscriptView.swift */ = {isa = PBXFileReference; lastKnownFileType = sourcecode.swift; path = TranscriptView.swift; sourceTree = "<group>"; };
		ACB3C95563F41E3B154C3DF3 /* PermissionsStore.swift */ = {isa = PBXFileReference; lastKnownFileType = sourcecode.swift; path = PermissionsStore.swift; sourceTree = "<group>"; };
		AE3B66D321B1CAE14ABFE741 /* AuthTokens.swift */ = {isa = PBXFileReference; lastKnownFileType = sourcecode.swift; path = AuthTokens.swift; sourceTree = "<group>"; };
		AE8FD905E062B542AFF9DAF8 /* InboxItemType.swift */ = {isa = PBXFileReference; lastKnownFileType = sourcecode.swift; path = InboxItemType.swift; sourceTree = "<group>"; };
		B0579B075189F65103B6B277 /* ChatInputBar.swift */ = {isa = PBXFileReference; lastKnownFileType = sourcecode.swift; path = ChatInputBar.swift; sourceTree = "<group>"; };
		B17FA563A84FF6E9434C7AD7 /* LiveMediaService.swift */ = {isa = PBXFileReference; lastKnownFileType = sourcecode.swift; path = LiveMediaService.swift; sourceTree = "<group>"; };
		B2C3D4E5F6071829304152B3 /* CarPlayVoiceManager.swift */ = {isa = PBXFileReference; lastKnownFileType = sourcecode.swift; path = CarPlayVoiceManager.swift; sourceTree = "<group>"; };
		B354E6E6D6AC21EDD7FE239F /* PermissionCard.swift */ = {isa = PBXFileReference; lastKnownFileType = sourcecode.swift; path = PermissionCard.swift; sourceTree = "<group>"; };
		B38CB9F28FDEBB0ED738F6DE /* SettingsSectionView.swift */ = {isa = PBXFileReference; lastKnownFileType = sourcecode.swift; path = SettingsSectionView.swift; sourceTree = "<group>"; };
		B81BB87367C8F266CE9D8A81 /* InboxItemRow.swift */ = {isa = PBXFileReference; lastKnownFileType = sourcecode.swift; path = InboxItemRow.swift; sourceTree = "<group>"; };
		B930D429179DCD2E18B056CF /* CodeDiff.swift */ = {isa = PBXFileReference; lastKnownFileType = sourcecode.swift; path = CodeDiff.swift; sourceTree = "<group>"; };
		B9386D66627C83DCF370CDC9 /* MockSyncCoordinator.swift */ = {isa = PBXFileReference; lastKnownFileType = sourcecode.swift; path = MockSyncCoordinator.swift; sourceTree = "<group>"; };
		C18F83ECB3EC666614F9D54D /* MockNotificationService.swift */ = {isa = PBXFileReference; lastKnownFileType = sourcecode.swift; path = MockNotificationService.swift; sourceTree = "<group>"; };
		C2B3D4E5F6071829304050A1 /* LiveActivityPreviews.swift */ = {isa = PBXFileReference; lastKnownFileType = sourcecode.swift; path = LiveActivityPreviews.swift; sourceTree = "<group>"; };
		C37C1DE0D5E3A2479A403577 /* SecureStoreProtocol.swift */ = {isa = PBXFileReference; lastKnownFileType = sourcecode.swift; path = SecureStoreProtocol.swift; sourceTree = "<group>"; };
		C3D4E5F607182930415263C4 /* SharedWidgetDataStore.swift */ = {isa = PBXFileReference; lastKnownFileType = sourcecode.swift; path = SharedWidgetDataStore.swift; sourceTree = "<group>"; };
		C4B88518DD7E6AF5C23C915F /* MockPairingService.swift */ = {isa = PBXFileReference; lastKnownFileType = sourcecode.swift; path = MockPairingService.swift; sourceTree = "<group>"; };
		C74EC7B7B8799EA49C9FE12B /* ToolActivityRail.swift */ = {isa = PBXFileReference; lastKnownFileType = sourcecode.swift; path = ToolActivityRail.swift; sourceTree = "<group>"; };
		CA772C34458FD57DAF067FBB /* InboxItemDetailSheet.swift */ = {isa = PBXFileReference; lastKnownFileType = sourcecode.swift; path = InboxItemDetailSheet.swift; sourceTree = "<group>"; };
		CA93F2699F9EC40320913207 /* AppContainer.swift */ = {isa = PBXFileReference; lastKnownFileType = sourcecode.swift; path = AppContainer.swift; sourceTree = "<group>"; };
		CAAF4F2F210B5160B5268CF6 /* ContentView.swift */ = {isa = PBXFileReference; lastKnownFileType = sourcecode.swift; path = ContentView.swift; sourceTree = "<group>"; };
		CB1E16EC7AC1A55E87ED87EA /* HermesMobileWidgets.appex */ = {isa = PBXFileReference; explicitFileType = "wrapper.app-extension"; includeInIndex = 0; path = HermesMobileWidgets.appex; sourceTree = BUILT_PRODUCTS_DIR; };
		CC94FDD251C876AFDBD6305E /* HermesMobileTests.xctest */ = {isa = PBXFileReference; includeInIndex = 0; lastKnownFileType = wrapper.cfbundle; path = HermesMobileTests.xctest; sourceTree = BUILT_PRODUCTS_DIR; };
		CCCECDD8C05223FD5B22B5AD /* MessageStatus.swift */ = {isa = PBXFileReference; lastKnownFileType = sourcecode.swift; path = MessageStatus.swift; sourceTree = "<group>"; };
		D413F0B4D4CB0A7613A4A0E6 /* StreamingUpdate.swift */ = {isa = PBXFileReference; lastKnownFileType = sourcecode.swift; path = StreamingUpdate.swift; sourceTree = "<group>"; };
		D434755EB1B165DD0C31EDEF /* ToolActivity.swift */ = {isa = PBXFileReference; lastKnownFileType = sourcecode.swift; path = ToolActivity.swift; sourceTree = "<group>"; };
		D4E5F6071829304152637405 /* HermesWidgetData.swift */ = {isa = PBXFileReference; lastKnownFileType = sourcecode.swift; path = HermesWidgetData.swift; sourceTree = "<group>"; };
		D6DA9663454A883D0B706562 /* InboxActionResult.swift */ = {isa = PBXFileReference; lastKnownFileType = sourcecode.swift; path = InboxActionResult.swift; sourceTree = "<group>"; };
		D9866832C1360E12474ACA37 /* LiveMotionService.swift */ = {isa = PBXFileReference; lastKnownFileType = sourcecode.swift; path = LiveMotionService.swift; sourceTree = "<group>"; };
		D9D6BC0C9C8D1F32E5A124FA /* MockHermesClient.swift */ = {isa = PBXFileReference; lastKnownFileType = sourcecode.swift; path = MockHermesClient.swift; sourceTree = "<group>"; };
		DD51D8251EE8BD9F66B64D2F /* HermesLiveActivity.swift */ = {isa = PBXFileReference; lastKnownFileType = sourcecode.swift; path = HermesLiveActivity.swift; sourceTree = "<group>"; };
		DEA50CBA8A24483611C2F528 /* LiveCameraOverlay.swift */ = {isa = PBXFileReference; lastKnownFileType = sourcecode.swift; path = LiveCameraOverlay.swift; sourceTree = "<group>"; };
		E0F3E6FB4FF8FE4136F81A16 /* AppEntry.swift */ = {isa = PBXFileReference; lastKnownFileType = sourcecode.swift; path = AppEntry.swift; sourceTree = "<group>"; };
		E11909D98B0F5781E0DA91D1 /* HermesMobile.app */ = {isa = PBXFileReference; explicitFileType = wrapper.application; includeInIndex = 0; path = HermesMobile.app; sourceTree = BUILT_PRODUCTS_DIR; };
		E180BD123CA9D0BF9ED53F1D /* StatusCardView.swift */ = {isa = PBXFileReference; lastKnownFileType = sourcecode.swift; path = StatusCardView.swift; sourceTree = "<group>"; };
		E19B4F10FBB5D872518481F9 /* NotificationServiceProtocol.swift */ = {isa = PBXFileReference; lastKnownFileType = sourcecode.swift; path = NotificationServiceProtocol.swift; sourceTree = "<group>"; };
		E5F607182930415263748516 /* HermesStatusWidget.swift */ = {isa = PBXFileReference; lastKnownFileType = sourcecode.swift; path = HermesStatusWidget.swift; sourceTree = "<group>"; };
		E6D300D8D0E2E28C8BC68615 /* InboxItem.swift */ = {isa = PBXFileReference; lastKnownFileType = sourcecode.swift; path = InboxItem.swift; sourceTree = "<group>"; };
		E7429591D4750B1CB9002073 /* Info.plist */ = {isa = PBXFileReference; lastKnownFileType = text.plist; path = Info.plist; sourceTree = "<group>"; };
		E7FFDDBF96B625F71573F9D5 /* PairedRelayConfiguration.swift */ = {isa = PBXFileReference; lastKnownFileType = sourcecode.swift; path = PairedRelayConfiguration.swift; sourceTree = "<group>"; };
		E900FB004E762EAB2F356D20 /* PairingRedeemResult.swift */ = {isa = PBXFileReference; lastKnownFileType = sourcecode.swift; path = PairingRedeemResult.swift; sourceTree = "<group>"; };
		E963F520419ACAC16EF3BB13 /* LocationServiceProtocol.swift */ = {isa = PBXFileReference; lastKnownFileType = sourcecode.swift; path = LocationServiceProtocol.swift; sourceTree = "<group>"; };
		EE23CAFCDB6E64ED3FFB78BB /* LiveInboxService.swift */ = {isa = PBXFileReference; lastKnownFileType = sourcecode.swift; path = LiveInboxService.swift; sourceTree = "<group>"; };
		EE6D891E4F6D043CE9C6CC15 /* HermesClientProtocol.swift */ = {isa = PBXFileReference; lastKnownFileType = sourcecode.swift; path = HermesClientProtocol.swift; sourceTree = "<group>"; };
		EF9D9C3F3DC8A0B7DF53278B /* UserDefaultsAppPersistenceStore.swift */ = {isa = PBXFileReference; lastKnownFileType = sourcecode.swift; path = UserDefaultsAppPersistenceStore.swift; sourceTree = "<group>"; };
		F07B14E26F36BD2CD9778781 /* PairingStore.swift */ = {isa = PBXFileReference; lastKnownFileType = sourcecode.swift; path = PairingStore.swift; sourceTree = "<group>"; };
		F5CD2BC0D1F377A4211097C1 /* GlassCircleButton.swift */ = {isa = PBXFileReference; lastKnownFileType = sourcecode.swift; path = GlassCircleButton.swift; sourceTree = "<group>"; };
		F6071829304152637485961A /* HermesHealthWidget.swift */ = {isa = PBXFileReference; lastKnownFileType = sourcecode.swift; path = HermesHealthWidget.swift; sourceTree = "<group>"; };
		F77FB3058B069312B9716844 /* CodeBlockView.swift */ = {isa = PBXFileReference; lastKnownFileType = sourcecode.swift; path = CodeBlockView.swift; sourceTree = "<group>"; };
		F9AAD43838EF351D00563C90 /* DemoData.swift */ = {isa = PBXFileReference; lastKnownFileType = sourcecode.swift; path = DemoData.swift; sourceTree = "<group>"; };
/* End PBXFileReference section */

/* Begin PBXFrameworksBuildPhase section */
		3B4045931914FF03439E2B2A /* Frameworks */ = {
			isa = PBXFrameworksBuildPhase;
			buildActionMask = 2147483647;
			files = (
				A0580A5DDE956E58669DAE6E /* WebRTC in Frameworks */,
			);
			runOnlyForDeploymentPostprocessing = 0;
		};
/* End PBXFrameworksBuildPhase section */

/* Begin PBXGroup section */
		09759B69E64061C464874378 /* Features */ = {
			isa = PBXGroup;
			children = (
				E901380FCF580CDB8198F886 /* Capture */,
				80AA1B6E1FFE6329017BFD9B /* Chat */,
				2F7803CC2C39D6DE07427694 /* Inbox */,
				5A567A434783303AF3B556A0 /* Onboarding */,
				519C0DC56DB49FF9585F8C02 /* Permissions */,
				D6A1379DF0671EEBA650BA12 /* Settings */,
				9EF58353FEB7F490A19CDF47 /* Talk */,
			);
			path = Features;
			sourceTree = "<group>";
		};
		11C92F959C91E3D92A137F61 /* Resources */ = {
			isa = PBXGroup;
			children = (
				3C649C9B4BAD6717BFF735EB /* Assets.xcassets */,
				E7429591D4750B1CB9002073 /* Info.plist */,
			);
			path = Resources;
			sourceTree = "<group>";
		};
		160088ABCC350E17C2160197 /* Components */ = {
			isa = PBXGroup;
			children = (
				F9AAD43838EF351D00563C90 /* DemoData.swift */,
				F5CD2BC0D1F377A4211097C1 /* GlassCircleButton.swift */,
				5665A55DF2AA6C863DF0B5C3 /* StatusIndicator.swift */,
			);
			path = Components;
			sourceTree = "<group>";
		};
		1BE66C0CA0A4C82A44FDF7E9 /* Stores */ = {
			isa = PBXGroup;
			children = (
				CA93F2699F9EC40320913207 /* AppContainer.swift */,
				60595DBB84195D18930C1EA4 /* AppSessionStore.swift */,
				0220D103178EF414928CFCA7 /* ChatStore.swift */,
				099D088C14950F66C936628A /* HermesHostStore.swift */,
				36500DDDD7B917A3A3C1A3FC /* InboxStore.swift */,
				F07B14E26F36BD2CD9778781 /* PairingStore.swift */,
				ACB3C95563F41E3B154C3DF3 /* PermissionsStore.swift */,
				41F982E7FF317AD2BDA8879C /* SettingsStore.swift */,
				2A16440BD7ECCFF064BD6232 /* TalkStore.swift */,
			);
			path = Stores;
			sourceTree = "<group>";
		};
		2C0E0892137AA72D9468922E /* HermesMobile */ = {
			isa = PBXGroup;
			children = (
				BC293041526374A1B2C3D4E5 /* CarPlay */,
				160088ABCC350E17C2160197 /* Components */,
				D510518ADBCD6B05B96F1913 /* Core */,
				09759B69E64061C464874378 /* Features */,
				EB9D79947231ED36180C2C4A /* Models */,
				11C92F959C91E3D92A137F61 /* Resources */,
				935A329D7833E4DC9AFD0FD4 /* Services */,
				1BE66C0CA0A4C82A44FDF7E9 /* Stores */,
				E0F3E6FB4FF8FE4136F81A16 /* AppEntry.swift */,
				CAAF4F2F210B5160B5268CF6 /* ContentView.swift */,
				89947254B6F4166F9BFD21E2 /* HermesMobile.entitlements */,
			);
			path = HermesMobile;
			sourceTree = "<group>";
		};
		2F7803CC2C39D6DE07427694 /* Inbox */ = {
			isa = PBXGroup;
			children = (
				CA772C34458FD57DAF067FBB /* InboxItemDetailSheet.swift */,
				B81BB87367C8F266CE9D8A81 /* InboxItemRow.swift */,
				5562189905DA6369B41F16A6 /* InboxScreen.swift */,
			);
			path = Inbox;
			sourceTree = "<group>";
		};
		41ADCB268ABE08E7780661C7 /* Live */ = {
			isa = PBXGroup;
			children = (
				04F42F9635D3B0FBB6CA58A5 /* LiveActivityService.swift */,
				919BC9F444500ACF290EA9AA /* LiveHealthService.swift */,
				6900DF147D9EF74F5EF3B1D6 /* LiveHermesClient.swift */,
				18C2AFDCFC6C6C119984318D /* LiveHermesHostService.swift */,
				EE23CAFCDB6E64ED3FFB78BB /* LiveInboxService.swift */,
				4F2398FD47FD130A036D9EAF /* LiveLocationService.swift */,
				B17FA563A84FF6E9434C7AD7 /* LiveMediaService.swift */,
				D9866832C1360E12474ACA37 /* LiveMotionService.swift */,
				2F0B373CA9EB377B54B6C9CD /* LiveNotificationService.swift */,
				2A1DE23F50DFDF112A61490D /* LivePairingService.swift */,
				A74A05574828199D600F3F75 /* LiveSessionBootstrapService.swift */,
				20748383C1082575AD5C086C /* LiveSpeechService.swift */,
				1ED364447C78E43A405CED36 /* LiveWakeWordService.swift */,
				607671AC8EF52AAFE3131430 /* LiveVoiceSessionService.swift */,
				3378BC22D9BB239E8E908A2D /* SensorUploadService.swift */,
			);
			path = Live;
			sourceTree = "<group>";
		};
		4FEB80E534BC8ACE95FB383B /* Protocols */ = {
			isa = PBXGroup;
			children = (
				8041E71D6A63A672AC422F70 /* AppPersistenceStoreProtocol.swift */,
				A365392D8FF6A1CA075D55F9 /* HealthServiceProtocol.swift */,
				EE6D891E4F6D043CE9C6CC15 /* HermesClientProtocol.swift */,
				01A310FC7CE4D91514A32147 /* HermesHostServiceProtocol.swift */,
				3B0D65894E05A8CB60246986 /* InboxServiceProtocol.swift */,
				E963F520419ACAC16EF3BB13 /* LocationServiceProtocol.swift */,
				6AC675ACB6407262E9D2363E /* MediaServiceProtocol.swift */,
				E19B4F10FBB5D872518481F9 /* NotificationServiceProtocol.swift */,
				5A2EEE2A3714BA7D20F4DAD3 /* PairingServiceProtocol.swift */,
				C37C1DE0D5E3A2479A403577 /* SecureStoreProtocol.swift */,
				73518DAA2B5C3318F623C266 /* SessionBootstrapServiceProtocol.swift */,
				A3638A04F9C4EF799250E210 /* SyncCoordinatorProtocol.swift */,
				56166EB9EE951AC73734CE7D /* VoiceSessionServiceProtocol.swift */,
			);
			path = Protocols;
			sourceTree = "<group>";
		};
		519C0DC56DB49FF9585F8C02 /* Permissions */ = {
			isa = PBXGroup;
			children = (
				B354E6E6D6AC21EDD7FE239F /* PermissionCard.swift */,
				64446C4449B800327AED04F1 /* PermissionsScreen.swift */,
			);
			path = Permissions;
			sourceTree = "<group>";
		};
		5A567A434783303AF3B556A0 /* Onboarding */ = {
			isa = PBXGroup;
			children = (
				9524CA486085A8EF6DF0E1B0 /* AppRootView.swift */,
				50367EF4B21D0D34835F795F /* ConnectHermesScreen.swift */,
				3C463C979C92A1860682D8C2 /* PermissionsOnboardingScreen.swift */,
				9AC1AD1AB19EF5AD0090CF6B /* SetupCodeScannerView.swift */,
			);
			path = Onboarding;
			sourceTree = "<group>";
		};
		80AA1B6E1FFE6329017BFD9B /* Chat */ = {
			isa = PBXGroup;
			children = (
				563A8C074CFB49E60CF6686E /* AttachmentPickerSheet.swift */,
				B0579B075189F65103B6B277 /* ChatInputBar.swift */,
				1AB61078198CA1379D8F50ED /* ChatScreen.swift */,
				F77FB3058B069312B9716844 /* CodeBlockView.swift */,
				8F4A1792E97908BEC0A5E3B9 /* HermesAvatar.swift */,
				9C0C759CDC6D4A2C62DFBE6B /* InlineDiffView.swift */,
				6109316083425073F0703CE6 /* MarkdownContentView.swift */,
				46858B8543204DFA6C63AD3E /* MessageBubble.swift */,
				4836A4F88BB033E9AB3934DE /* SlashCommandMenu.swift */,
				E180BD123CA9D0BF9ED53F1D /* StatusCardView.swift */,
				5828186454A1762F98821070 /* ThinkingIndicatorView.swift */,
				C74EC7B7B8799EA49C9FE12B /* ToolActivityRail.swift */,
				4F8057761C060F666F9A9F5D /* TypingDotsView.swift */,
				99D21F03C721F54F30751984 /* VoiceSessionBanner.swift */,
			);
			path = Chat;
			sourceTree = "<group>";
		};
		885E8F8307636D94085EA353 /* Products */ = {
			isa = PBXGroup;
			children = (
				E11909D98B0F5781E0DA91D1 /* HermesMobile.app */,
				CC94FDD251C876AFDBD6305E /* HermesMobileTests.xctest */,
				5B190112B3731E98B8EC3A87 /* HermesMobileUITests.xctest */,
				CB1E16EC7AC1A55E87ED87EA /* HermesMobileWidgets.appex */,
			);
			name = Products;
			sourceTree = "<group>";
		};
		8A1EC7ACC1C76DC2C62A6590 /* Mocks */ = {
			isa = PBXGroup;
			children = (
				5B914BAD0AFF93498E42755F /* MockHealthService.swift */,
				D9D6BC0C9C8D1F32E5A124FA /* MockHermesClient.swift */,
				1ABD6B7D4D5606CBC4DF62B6 /* MockHermesHostService.swift */,
				1C8D4D1AE1F87252EEB0C2FF /* MockInboxService.swift */,
				164FC29A86F0762768A9E444 /* MockLocationService.swift */,
				70A40E5EA51E036A1BD1C3AE /* MockMediaService.swift */,
				C18F83ECB3EC666614F9D54D /* MockNotificationService.swift */,
				C4B88518DD7E6AF5C23C915F /* MockPairingService.swift */,
				014F7454548D4B275B575E61 /* MockSecureStore.swift */,
				48CCADC5326C77064FBA74A8 /* MockSessionBootstrapService.swift */,
				B9386D66627C83DCF370CDC9 /* MockSyncCoordinator.swift */,
				354134DC5125C4CA0FEC05A6 /* MockVoiceSessionService.swift */,
			);
			path = Mocks;
			sourceTree = "<group>";
		};
		8B8E000DEAE7C4C24271ABEA /* Support */ = {
			isa = PBXGroup;
			children = (
				9C0F5A52769E2B66E7288C6B /* KeychainSecureStore.swift */,
				77889D1F0949BA7D30FE3A76 /* RelayAPIClient.swift */,
				539E2CFF8AC26909D0C7EFC0 /* ResilientHermesClient.swift */,
				5DE4327F2AD595475224778C /* ResilientInboxService.swift */,
				A742298DC50F521403AA5AF7 /* ResilientSessionBootstrapService.swift */,
				EF9D9C3F3DC8A0B7DF53278B /* UserDefaultsAppPersistenceStore.swift */,
			);
			path = Support;
			sourceTree = "<group>";
		};
		935A329D7833E4DC9AFD0FD4 /* Services */ = {
			isa = PBXGroup;
			children = (
				41ADCB268ABE08E7780661C7 /* Live */,
				8A1EC7ACC1C76DC2C62A6590 /* Mocks */,
				4FEB80E534BC8ACE95FB383B /* Protocols */,
				8B8E000DEAE7C4C24271ABEA /* Support */,
				C3D4E5F607182930415263C4 /* SharedWidgetDataStore.swift */,
			);
			path = Services;
			sourceTree = "<group>";
		};
		98E0447FA802CE293966E6A4 /* HermesMobileUITests */ = {
			isa = PBXGroup;
			children = (
				324210CDA9855FA02403D143 /* AppTemplateUITests.swift */,
				9B63F95E9AC1893365E6EFD0 /* AppTemplateUITestsLaunchTests.swift */,
			);
			path = HermesMobileUITests;
			sourceTree = "<group>";
		};
		9C206139AC908A0338E738A2 = {
			isa = PBXGroup;
			children = (
				2C0E0892137AA72D9468922E /* HermesMobile */,
				DCAF922B1A9CC02164A1596F /* HermesMobileTests */,
				98E0447FA802CE293966E6A4 /* HermesMobileUITests */,
				D39F61251933889F9F6E8EEE /* HermesMobileWidgets */,
				885E8F8307636D94085EA353 /* Products */,
			);
			sourceTree = "<group>";
		};
		9EF58353FEB7F490A19CDF47 /* Talk */ = {
			isa = PBXGroup;
			children = (
				C2B3D4E5F6071829304050A1 /* LiveActivityPreviews.swift */,
				DEA50CBA8A24483611C2F528 /* LiveCameraOverlay.swift */,
				0AF4260FC3B1887B0CE20802 /* TalkModeScreen.swift */,
				ACA9EAEA0FB9A191B973744D /* TranscriptView.swift */,
				568985D9F893D7F736D7DC01 /* VoiceAttachmentSheet.swift */,
				3C0CE3739DE97A0EED8BF86C /* VoiceOrb.swift */,
				999D8CC54FC19BE17E62FCBB /* VoiceOverlayScreen.swift */,
			);
			path = Talk;
			sourceTree = "<group>";
		};
		BC293041526374A1B2C3D4E5 /* CarPlay */ = {
			isa = PBXGroup;
			children = (
				A1B2C3D4E5F60718293041A2 /* CarPlaySceneDelegate.swift */,
				B2C3D4E5F6071829304152B3 /* CarPlayVoiceManager.swift */,
			);
			path = CarPlay;
			sourceTree = "<group>";
		};
		CD304152637485A1B2C3D4E5 /* Models */ = {
			isa = PBXGroup;
			children = (
				1829304152637485961A2B3C /* HermesWidgetData.swift */,
			);
			path = Models;
			sourceTree = "<group>";
		};
		D39F61251933889F9F6E8EEE /* HermesMobileWidgets */ = {
			isa = PBXGroup;
			children = (
				CD304152637485A1B2C3D4E5 /* Models */,
				3ACC623FAF147465BB777E42 /* HermesActivityAttributes.swift */,
				F6071829304152637485961A /* HermesHealthWidget.swift */,
				DD51D8251EE8BD9F66B64D2F /* HermesLiveActivity.swift */,
				29304152637485961A2B3C4D /* HermesMobileWidgets.entitlements */,
				E5F607182930415263748516 /* HermesStatusWidget.swift */,
				071829304152637485961A2B /* HermesTimelineProvider.swift */,
				91C2F6A36BBB87D0B1AD475E /* HermesWidgetBundle.swift */,
			);
			path = HermesMobileWidgets;
			sourceTree = "<group>";
		};
		D510518ADBCD6B05B96F1913 /* Core */ = {
			isa = PBXGroup;
			children = (
				E87BE8050ED9C648037BD659 /* Extensions */,
				300F951B7DA86D57FE83BC20 /* Design.swift */,
				A2B04B5A213133A77C0982DE /* HapticEngine.swift */,
				070BFE52E0723E54873A512C /* MarkdownParser.swift */,
				AB1880E820004460E87BD27B /* Router.swift */,
			);
			path = Core;
			sourceTree = "<group>";
		};
		D6A1379DF0671EEBA650BA12 /* Settings */ = {
			isa = PBXGroup;
			children = (
				873DE955C6B80F27581DA9B1 /* ConnectHermesHostScreen.swift */,
				7745C09181860B8818753B91 /* SettingsScreen.swift */,
				B38CB9F28FDEBB0ED738F6DE /* SettingsSectionView.swift */,
			);
			path = Settings;
			sourceTree = "<group>";
		};
		DCAF922B1A9CC02164A1596F /* HermesMobileTests */ = {
			isa = PBXGroup;
			children = (
				48A1D2D381EA3919E2D8302A /* AppStoresTests.swift */,
				913ED4F6E33142A78F4B8FAA /* AppTemplateTests.swift */,
			);
			path = HermesMobileTests;
			sourceTree = "<group>";
		};
		E87BE8050ED9C648037BD659 /* Extensions */ = {
			isa = PBXGroup;
			children = (
				552AD46315A71C0902D3FBCF /* View+Glass.swift */,
			);
			path = Extensions;
			sourceTree = "<group>";
		};
		E901380FCF580CDB8198F886 /* Capture */ = {
			isa = PBXGroup;
			children = (
				8DED02E086C9C76B2628D59D /* CaptureScreen.swift */,
			);
			path = Capture;
			sourceTree = "<group>";
		};
		EB9D79947231ED36180C2C4A /* Models */ = {
			isa = PBXGroup;
			children = (
				D4E5F6071829304152637405 /* HermesWidgetData.swift */,
				922497E60B94B42BEC2AC2D7 /* AppSessionState.swift */,
				AE3B66D321B1CAE14ABFE741 /* AuthTokens.swift */,
				B930D429179DCD2E18B056CF /* CodeDiff.swift */,
				31A754F555998852844790A8 /* ConnectionStatus.swift */,
				6063F0C3EB257DC070FFBAC3 /* Conversation.swift */,
				A20870910260860BA2EF0F2D /* DeviceCapability.swift */,
				43EABB109930DF9870A27636 /* DeviceRegistrationRequest.swift */,
				078C83E5060FEBACAC22F2F2 /* HermesActivityAttributes.swift */,
				06E9521DE6CA159C9089AB10 /* HermesHostStatus.swift */,
				10FCCF49653C4D623A96D6DA /* HostEnrollmentCode.swift */,
				41A7265DC07E05B68C845778 /* InboxActionDescriptor.swift */,
				D6DA9663454A883D0B706562 /* InboxActionResult.swift */,
				E6D300D8D0E2E28C8BC68615 /* InboxItem.swift */,
				42907FF1556CBA2AE7CF48E4 /* InboxItemPriority.swift */,
				AB8310F89CA2968FAB6C0449 /* InboxItemStatus.swift */,
				AE8FD905E062B542AFF9DAF8 /* InboxItemType.swift */,
				A92C3AB68B134D4A59172990 /* InboxLocalState.swift */,
				8F93EA9C1C026795AB668C6E /* Message.swift */,
				6865C8B4CE32FE713C940305 /* MessageSender.swift */,
				CCCECDD8C05223FD5B22B5AD /* MessageStatus.swift */,
				E7FFDDBF96B625F71573F9D5 /* PairedRelayConfiguration.swift */,
				E900FB004E762EAB2F356D20 /* PairingRedeemResult.swift */,
				1039BF472349974021D833D4 /* PendingAttachment.swift */,
				9ED29B54E6DCD5E9B71B4628 /* PermissionStatus.swift */,
				5FCF8BFBF91DE28E8784BDD0 /* PermissionType.swift */,
				45DB9BCE68964122D05D4FA6 /* RelaySetupCodePayload.swift */,
				501C5DE3651F484BE9B36D0A /* SessionBootstrapResponse.swift */,
				9FF6C9CA515F8316F3CC8DDF /* SlashCommand.swift */,
				2ECACAA86DB09074EAFE915E /* SSEEvent.swift */,
				D413F0B4D4CB0A7613A4A0E6 /* StreamingUpdate.swift */,
				561DF9AAC20E54C588728A35 /* SyncStatus.swift */,
				5042915D47BD430A384EF31A /* TokenUsage.swift */,
				D434755EB1B165DD0C31EDEF /* ToolActivity.swift */,
				33AA48ED37DFFBB2A6757A41 /* UserSettings.swift */,
				25563E39F08D0F19F538ADD8 /* VoiceState.swift */,
			);
			path = Models;
			sourceTree = "<group>";
		};
/* End PBXGroup section */

/* Begin PBXNativeTarget section */
		7B04007FC76BC95C646A4BA8 /* HermesMobileTests */ = {
			isa = PBXNativeTarget;
			buildConfigurationList = 4A8053146615346B324A482D /* Build configuration list for PBXNativeTarget "HermesMobileTests" */;
			buildPhases = (
				C1B6E45123C8F8FCD73F69C1 /* Sources */,
			);
			buildRules = (
			);
			dependencies = (
				E989EF5AAB0702AB5E4C268F /* PBXTargetDependency */,
			);
			name = HermesMobileTests;
			packageProductDependencies = (
			);
			productName = HermesMobileTests;
			productReference = CC94FDD251C876AFDBD6305E /* HermesMobileTests.xctest */;
			productType = "com.apple.product-type.bundle.unit-test";
		};
		A0BF011ADBF960517B174268 /* HermesMobileWidgets */ = {
			isa = PBXNativeTarget;
			buildConfigurationList = 07A17B63B67E3F17E4F9C113 /* Build configuration list for PBXNativeTarget "HermesMobileWidgets" */;
			buildPhases = (
				2814BDA4E73FA86374E1E62D /* Sources */,
			);
			buildRules = (
			);
			dependencies = (
			);
			name = HermesMobileWidgets;
			packageProductDependencies = (
			);
			productName = HermesMobileWidgets;
			productReference = CB1E16EC7AC1A55E87ED87EA /* HermesMobileWidgets.appex */;
			productType = "com.apple.product-type.app-extension";
		};
		E084E7061D97A1CB68FAED6E /* HermesMobile */ = {
			isa = PBXNativeTarget;
			buildConfigurationList = D9CFAD2A6811924773EAA436 /* Build configuration list for PBXNativeTarget "HermesMobile" */;
			buildPhases = (
				C30EAA427FABE72439E74689 /* Sources */,
				8E5F38C741065CFEF6FF717A /* Resources */,
				3B4045931914FF03439E2B2A /* Frameworks */,
				E2F3A4B5C6D7E8F9A0B1C2D3 /* Embed App Extensions */,
			);
			buildRules = (
			);
			dependencies = (
				F1A2B3C4D5E6F70819203142 /* PBXTargetDependency */,
			);
			name = HermesMobile;
			packageProductDependencies = (
				A81D1840456136290E452975 /* WebRTC */,
			);
			productName = HermesMobile;
			productReference = E11909D98B0F5781E0DA91D1 /* HermesMobile.app */;
			productType = "com.apple.product-type.application";
		};
		F974E240959519AA0BE1D74B /* HermesMobileUITests */ = {
			isa = PBXNativeTarget;
			buildConfigurationList = 9CE1E10C92AB41FAE33F8894 /* Build configuration list for PBXNativeTarget "HermesMobileUITests" */;
			buildPhases = (
				875859A820D217566513DE85 /* Sources */,
			);
			buildRules = (
			);
			dependencies = (
				93E47B18782AC31AC9E91198 /* PBXTargetDependency */,
			);
			name = HermesMobileUITests;
			packageProductDependencies = (
			);
			productName = HermesMobileUITests;
			productReference = 5B190112B3731E98B8EC3A87 /* HermesMobileUITests.xctest */;
			productType = "com.apple.product-type.bundle.ui-testing";
		};
/* End PBXNativeTarget section */

/* Begin PBXProject section */
		2358AE5B1FB017C5923C2FD9 /* Project object */ = {
			isa = PBXProject;
			attributes = {
				BuildIndependentTargetsInParallel = YES;
				LastUpgradeCheck = 2630;
				TargetAttributes = {
					7B04007FC76BC95C646A4BA8 = {
						TestTargetID = E084E7061D97A1CB68FAED6E;
					};
					A0BF011ADBF960517B174268 = {
						ProvisioningStyle = Automatic;
					};
					E084E7061D97A1CB68FAED6E = {
						ProvisioningStyle = Automatic;
					};
					F974E240959519AA0BE1D74B = {
						TestTargetID = E084E7061D97A1CB68FAED6E;
					};
				};
			};
			buildConfigurationList = BECE5B0010C9DFA1B71C3AFC /* Build configuration list for PBXProject "HermesMobile" */;
			developmentRegion = en;
			hasScannedForEncodings = 0;
			knownRegions = (
				Base,
				en,
			);
			mainGroup = 9C206139AC908A0338E738A2;
			minimizedProjectReferenceProxies = 1;
			packageReferences = (
				E3AFCB80C83190A26F7FEC48 /* XCRemoteSwiftPackageReference "WebRTC" */,
			);
			preferredProjectObjectVersion = 77;
			productRefGroup = 885E8F8307636D94085EA353 /* Products */;
			projectDirPath = "";
			projectRoot = "";
			targets = (
				E084E7061D97A1CB68FAED6E /* HermesMobile */,
				7B04007FC76BC95C646A4BA8 /* HermesMobileTests */,
				F974E240959519AA0BE1D74B /* HermesMobileUITests */,
				A0BF011ADBF960517B174268 /* HermesMobileWidgets */,
			);
		};
/* End PBXProject section */

/* Begin PBXResourcesBuildPhase section */
		8E5F38C741065CFEF6FF717A /* Resources */ = {
			isa = PBXResourcesBuildPhase;
			buildActionMask = 2147483647;
			files = (
				415B41D3E6722C9A145EEE21 /* Assets.xcassets in Resources */,
			);
			runOnlyForDeploymentPostprocessing = 0;
		};
/* End PBXResourcesBuildPhase section */

/* Begin PBXSourcesBuildPhase section */
		2814BDA4E73FA86374E1E62D /* Sources */ = {
			isa = PBXSourcesBuildPhase;
			buildActionMask = 2147483647;
			files = (
				A5A13469D1032CCB24C6D9A5 /* HermesActivityAttributes.swift in Sources */,
				8F960718293041A1B2C3D4E5 /* HermesHealthWidget.swift in Sources */,
				9FEE3209117EA59B1422B99B /* HermesLiveActivity.swift in Sources */,
				7E859607182930A1B2C3D4E5 /* HermesStatusWidget.swift in Sources */,
				9A071829304152A1B2C3D4E5 /* HermesTimelineProvider.swift in Sources */,
				9E292D04C207E3FF0AA3E16A /* HermesWidgetBundle.swift in Sources */,
				AB182930415263A1B2C3D4E5 /* HermesWidgetData.swift in Sources */,
			);
			runOnlyForDeploymentPostprocessing = 0;
		};
		875859A820D217566513DE85 /* Sources */ = {
			isa = PBXSourcesBuildPhase;
			buildActionMask = 2147483647;
			files = (
				C50759AFB789B4D6B6EE5C70 /* AppTemplateUITests.swift in Sources */,
				4D0ED4A2C2E6E6E5C3DA4932 /* AppTemplateUITestsLaunchTests.swift in Sources */,
			);
			runOnlyForDeploymentPostprocessing = 0;
		};
		C1B6E45123C8F8FCD73F69C1 /* Sources */ = {
			isa = PBXSourcesBuildPhase;
			buildActionMask = 2147483647;
			files = (
				1C28312C8A9819F31BBB3386 /* AppStoresTests.swift in Sources */,
				85AD98E44891203305628F5C /* AppTemplateTests.swift in Sources */,
			);
			runOnlyForDeploymentPostprocessing = 0;
		};
		C30EAA427FABE72439E74689 /* Sources */ = {
			isa = PBXSourcesBuildPhase;
			buildActionMask = 2147483647;
			files = (
				3A415263748596A1B2C3D4E5 /* CarPlaySceneDelegate.swift in Sources */,
				4B526374859607A1B2C3D4E5 /* CarPlayVoiceManager.swift in Sources */,
				6D748596071829A1B2C3D4E5 /* HermesWidgetData.swift in Sources */,
				5C637485960718A1B2C3D4E5 /* SharedWidgetDataStore.swift in Sources */,
				78E916A7C30474717FE1F7DC /* AppContainer.swift in Sources */,
				48EA1D2ECF55A452C1F6F592 /* AppEntry.swift in Sources */,
				1EA612E6046B341EBC64339F /* AppPersistenceStoreProtocol.swift in Sources */,
				6A2C91BD3A81E8894274CAB5 /* AppRootView.swift in Sources */,
				110CAA5251E4E079A22CD2A1 /* AppSessionState.swift in Sources */,
				7483541B769F82DB0460EC74 /* AppSessionStore.swift in Sources */,
				42A73FB8DF4A3E5BCBE7A38C /* AttachmentPickerSheet.swift in Sources */,
				EF8D01C28E3DA97046B0BB6E /* AuthTokens.swift in Sources */,
				C5CFC7EFE001ED7BC1EA4AD4 /* CaptureScreen.swift in Sources */,
				53774770A0DA6C7475CFF2F9 /* ChatInputBar.swift in Sources */,
				FF1CE050B0F7CC3E16212121 /* ChatScreen.swift in Sources */,
				DB13D240C5F7B8919C8FF881 /* ChatStore.swift in Sources */,
				311C32C38604948756B41932 /* CodeBlockView.swift in Sources */,
				5325ED120BC8BFD50295C760 /* CodeDiff.swift in Sources */,
				CE55F28F5AF41AE1C200A564 /* ConnectHermesHostScreen.swift in Sources */,
				9233A45BF9167549ADA63749 /* ConnectHermesScreen.swift in Sources */,
				126F6AF7FCA856CFDF39421F /* ConnectionStatus.swift in Sources */,
				4CDD8580F03823A1A9ABD9A5 /* ContentView.swift in Sources */,
				C877C77B3DB9D162B70F6E80 /* Conversation.swift in Sources */,
				8B995CDE1CECBA332A9984BD /* DemoData.swift in Sources */,
				0FABB63592F7BD36617CFD00 /* Design.swift in Sources */,
				6E62879A59CA5F4B11AA2011 /* DeviceCapability.swift in Sources */,
				F652AE2AEDE94178EEF5235E /* DeviceRegistrationRequest.swift in Sources */,
				4EC5A5015E8DAA73E6150601 /* GlassCircleButton.swift in Sources */,
				FBEB6A5AF7C3BE8EAD329817 /* HapticEngine.swift in Sources */,
				3FD762BB48352F4B7832682D /* HealthServiceProtocol.swift in Sources */,
				F82EC87195EF3AC1E7A40228 /* HermesActivityAttributes.swift in Sources */,
				77CE628ECAFBA5D97367DE4F /* HermesAvatar.swift in Sources */,
				045CBCF8ADA710846AF339B8 /* HermesClientProtocol.swift in Sources */,
				24ADF49D0A89908EA74858B1 /* HermesHostServiceProtocol.swift in Sources */,
				9BB3ED1B07E76217411E1383 /* HermesHostStatus.swift in Sources */,
				20CE9A560BB1A46ED0FC5E86 /* HermesHostStore.swift in Sources */,
				8EBAC29E9DD13427CD69395E /* HostEnrollmentCode.swift in Sources */,
				F5674A24F794B94C05ECE13D /* InboxActionDescriptor.swift in Sources */,
				1FEC22C919428093E2B18530 /* InboxActionResult.swift in Sources */,
				893D0D495083F37BCF9B6905 /* InboxItem.swift in Sources */,
				923974AC683C9F178265F311 /* InboxItemDetailSheet.swift in Sources */,
				C50ACF4F25074932C66E149F /* InboxItemPriority.swift in Sources */,
				C4FA21C5F57F56E2E233B8C6 /* InboxItemRow.swift in Sources */,
				EDC2F4F6CA50313F1CC28D7F /* InboxItemStatus.swift in Sources */,
				67B076ED63C45E77BD8E5EB3 /* InboxItemType.swift in Sources */,
				0B512CBC16260044F6C0004D /* InboxLocalState.swift in Sources */,
				F60DC3A22AC1A6ECD890F1F3 /* InboxScreen.swift in Sources */,
				9C98ECE89B5BCBF8C516E719 /* InboxServiceProtocol.swift in Sources */,
				458E4319DAC3C7EEDBDE7B2A /* InboxStore.swift in Sources */,
				FC8CA757C10C10EFF9152E1D /* InlineDiffView.swift in Sources */,
				B4095C26025A6A2BE4C729EC /* KeychainSecureStore.swift in Sources */,
				A763AB35A7712B3BED13720A /* LiveActivityService.swift in Sources */,
				D43AED1BDA4C8A924220E310 /* LiveCameraOverlay.swift in Sources */,
				209B1214538B65E6ED045C3F /* LiveHealthService.swift in Sources */,
				0C26C3D50AEC694EF4DB6CD8 /* LiveHermesClient.swift in Sources */,
				CF02B513265DDFE8A1376364 /* LiveHermesHostService.swift in Sources */,
				072CE0C8A7A668AA18B93FEA /* LiveInboxService.swift in Sources */,
				B8C63D3A03AD008773D17698 /* LiveLocationService.swift in Sources */,
				829DAB33AAE55C542CD52647 /* LiveMediaService.swift in Sources */,
				C9A79DA143EE532669AA4961 /* LiveMotionService.swift in Sources */,
				24A619E2293DDC36112D7FB1 /* LiveNotificationService.swift in Sources */,
				07CBAF78A59A8936AD0CF6BE /* LivePairingService.swift in Sources */,
				2ABF0F9EAD035ABE26514847 /* LiveSessionBootstrapService.swift in Sources */,
				13F3013633224BBB7E91FE4C /* LiveSpeechService.swift in Sources */,
				0D85577AE612E3F403B8FDD8 /* LiveWakeWordService.swift in Sources */,
				F4CF86B7AFB2A467753E72A0 /* LiveVoiceSessionService.swift in Sources */,
				9711A0154899E85584526483 /* LocationServiceProtocol.swift in Sources */,
				54DA8267DE03CA306CF575B6 /* MarkdownContentView.swift in Sources */,
				E59F127A0B1337B11B4C597C /* MarkdownParser.swift in Sources */,
				9ED2C6ABCCF0320249860C44 /* MediaServiceProtocol.swift in Sources */,
				56DB6FEB2CE77EDD26CFA5E0 /* Message.swift in Sources */,
				8E919C76F28AF74FAAF20917 /* MessageBubble.swift in Sources */,
				14705FDAC623D1C946181F91 /* MessageSender.swift in Sources */,
				AA22CD12B59AED0D88F9AC4C /* MessageStatus.swift in Sources */,
				61009C17CACB163B4CEB157F /* MockHealthService.swift in Sources */,
				BFEAA06886FD3339C0BBFD92 /* MockHermesClient.swift in Sources */,
				A6051FFCA60EC1F263EF9FA8 /* MockHermesHostService.swift in Sources */,
				03B323E60712D2CA303797A3 /* MockInboxService.swift in Sources */,
				D4459E9B350994A6B0C4D284 /* MockLocationService.swift in Sources */,
				C7452B1D2AA98D2A5E02056F /* MockMediaService.swift in Sources */,
				0473E620C237D0016A164470 /* MockNotificationService.swift in Sources */,
				4C64BF7DDF1D091C69D951DA /* MockPairingService.swift in Sources */,
				A97B66C40C464D01A33417C0 /* MockSecureStore.swift in Sources */,
				7227917E0E52234618E295CF /* MockSessionBootstrapService.swift in Sources */,
				CA30016E1E14245DE4E23BBE /* MockSyncCoordinator.swift in Sources */,
				83276A3300561B4D944C3708 /* MockVoiceSessionService.swift in Sources */,
				CD68F983F51FF07791DF34DC /* NotificationServiceProtocol.swift in Sources */,
				39B3EB23E6D50A2DB15D7189 /* PairedRelayConfiguration.swift in Sources */,
				E6A78372B6B7589A6A1A4F11 /* PairingRedeemResult.swift in Sources */,
				6FDFA10589125D5618AE806A /* PairingServiceProtocol.swift in Sources */,
				4623F2B0A173132A5E8F5B6F /* PairingStore.swift in Sources */,
				CD1A4152969628A536D82F08 /* PendingAttachment.swift in Sources */,
				A6654988BF2FDD648D831974 /* PermissionCard.swift in Sources */,
				407CFBF26B282A2960795CE6 /* PermissionStatus.swift in Sources */,
				0CD417A7D4F86CDEE8D563E8 /* PermissionType.swift in Sources */,
				526CC1358117C10782098513 /* PermissionsOnboardingScreen.swift in Sources */,
				0BC371DA53649A79C69D09BA /* PermissionsScreen.swift in Sources */,
				585427AAF0E7B38F1C57FC15 /* PermissionsStore.swift in Sources */,
				1CB407EF5D79683130EF86DD /* RelayAPIClient.swift in Sources */,
				B888DF20EF13BD44C49678F7 /* RelaySetupCodePayload.swift in Sources */,
				BEB46DCA8E625E9631C185BC /* ResilientHermesClient.swift in Sources */,
				1D8288AB2B294CE2A70C7326 /* ResilientInboxService.swift in Sources */,
				5F823D253275EC39470DF3C9 /* ResilientSessionBootstrapService.swift in Sources */,
				45A54F7906B0B49C0B4E7E7C /* Router.swift in Sources */,
				EC12F4C662B693B3A35DE631 /* SSEEvent.swift in Sources */,
				6215AEB9A4FF670A8CC394A1 /* SecureStoreProtocol.swift in Sources */,
				E67A50E52CF031063DC18889 /* SensorUploadService.swift in Sources */,
				AB572736AB8CAC0AE51A2172 /* SessionBootstrapResponse.swift in Sources */,
				3652BC8BBD34B2AB22476C7C /* SessionBootstrapServiceProtocol.swift in Sources */,
				E515B2B803409DD8B53A65A2 /* SettingsScreen.swift in Sources */,
				6F7299596D6896FC4DCDD54F /* SettingsSectionView.swift in Sources */,
				A5A396EDE71010521DDB83DC /* SettingsStore.swift in Sources */,
				63CB41A549C6920B0E65ED09 /* SetupCodeScannerView.swift in Sources */,
				D5F972289540E4C859061FC1 /* SlashCommand.swift in Sources */,
				6A7C4C3F6A0DC22C8AA7C541 /* SlashCommandMenu.swift in Sources */,
				C0CD27ECCF44C6C7A59318B8 /* StatusCardView.swift in Sources */,
				E676CA3A6B55C3C7165ECCF9 /* StatusIndicator.swift in Sources */,
				DEA375A9D664BF1F4E2E5F60 /* StreamingUpdate.swift in Sources */,
				BD831385635A70421E230DFF /* SyncCoordinatorProtocol.swift in Sources */,
				7CCA5E8107CF3C9BB43122B8 /* SyncStatus.swift in Sources */,
				CD688BE7A349D0D18DAAF80B /* TalkModeScreen.swift in Sources */,
				A5C1CBE7C0C19B80EC44830A /* TalkStore.swift in Sources */,
				CA98C949007B9A4AD6218795 /* ThinkingIndicatorView.swift in Sources */,
				841AB5234D72298AF38AFCE2 /* TokenUsage.swift in Sources */,
				46B877D011AAEDB818450A93 /* ToolActivity.swift in Sources */,
				14448F5F2F1E5014633B134B /* ToolActivityRail.swift in Sources */,
				8EE6335A5A83806277B4807D /* TranscriptView.swift in Sources */,
				684B5824B5B20A8B4B2B61A4 /* TypingDotsView.swift in Sources */,
				50E1D7DDEAA35139DA020BFB /* UserDefaultsAppPersistenceStore.swift in Sources */,
				C99F0FEC8F2FF6C7AFAA8A94 /* UserSettings.swift in Sources */,
				66F661BD80D0B6748FE1F0FB /* View+Glass.swift in Sources */,
				B69560553DACF718E04C2C8F /* VoiceAttachmentSheet.swift in Sources */,
				FE7522860C6E4CDA2A7AEB11 /* VoiceOrb.swift in Sources */,
				647FC4C343BFD91629081E00 /* VoiceOverlayScreen.swift in Sources */,
				B1A2C3D4E5F607182930A1B2 /* LiveActivityPreviews.swift in Sources */,
				928BB6D639DB244C9ABDAF6C /* VoiceSessionBanner.swift in Sources */,
				28954832D2F8292FE2718C35 /* VoiceSessionServiceProtocol.swift in Sources */,
				02426814A334E68AC2EB077D /* VoiceState.swift in Sources */,
			);
			runOnlyForDeploymentPostprocessing = 0;
		};
/* End PBXSourcesBuildPhase section */

/* Begin PBXTargetDependency section */
		93E47B18782AC31AC9E91198 /* PBXTargetDependency */ = {
			isa = PBXTargetDependency;
			target = E084E7061D97A1CB68FAED6E /* HermesMobile */;
			targetProxy = 4E0F313148096317694C55E5 /* PBXContainerItemProxy */;
		};
		E989EF5AAB0702AB5E4C268F /* PBXTargetDependency */ = {
			isa = PBXTargetDependency;
			target = E084E7061D97A1CB68FAED6E /* HermesMobile */;
			targetProxy = C0035DFAE736CD216744D2C4 /* PBXContainerItemProxy */;
		};
		F1A2B3C4D5E6F70819203142 /* PBXTargetDependency */ = {
			isa = PBXTargetDependency;
			target = A0BF011ADBF960517B174268 /* HermesMobileWidgets */;
			targetProxy = A1B2C3D4E5F60718293A4B5C /* PBXContainerItemProxy */;
		};
/* End PBXTargetDependency section */

/* Begin XCBuildConfiguration section */
		42430EED93C5DA3BA63225AC /* Release */ = {
			isa = XCBuildConfiguration;
			buildSettings = {
				ALWAYS_SEARCH_USER_PATHS = NO;
				ASSETCATALOG_COMPILER_APPICON_NAME = AppIcon;
				ASSETCATALOG_COMPILER_GLOBAL_ACCENT_COLOR_NAME = AccentColor;
				CLANG_ANALYZER_NONNULL = YES;
				CLANG_ANALYZER_NUMBER_OBJECT_CONVERSION = YES_AGGRESSIVE;
				CLANG_CXX_LANGUAGE_STANDARD = "gnu++14";
				CLANG_CXX_LIBRARY = "libc++";
				CLANG_ENABLE_MODULES = YES;
				CLANG_ENABLE_OBJC_ARC = YES;
				CLANG_ENABLE_OBJC_WEAK = YES;
				CLANG_WARN_BLOCK_CAPTURE_AUTORELEASING = YES;
				CLANG_WARN_BOOL_CONVERSION = YES;
				CLANG_WARN_COMMA = YES;
				CLANG_WARN_CONSTANT_CONVERSION = YES;
				CLANG_WARN_DEPRECATED_OBJC_IMPLEMENTATIONS = YES;
				CLANG_WARN_DIRECT_OBJC_ISA_USAGE = YES_ERROR;
				CLANG_WARN_DOCUMENTATION_COMMENTS = YES;
				CLANG_WARN_EMPTY_BODY = YES;
				CLANG_WARN_ENUM_CONVERSION = YES;
				CLANG_WARN_INFINITE_RECURSION = YES;
				CLANG_WARN_INT_CONVERSION = YES;
				CLANG_WARN_NON_LITERAL_NULL_CONVERSION = YES;
				CLANG_WARN_OBJC_IMPLICIT_RETAIN_SELF = YES;
				CLANG_WARN_OBJC_LITERAL_CONVERSION = YES;
				CLANG_WARN_OBJC_ROOT_CLASS = YES_ERROR;
				CLANG_WARN_QUOTED_INCLUDE_IN_FRAMEWORK_HEADER = YES;
				CLANG_WARN_RANGE_LOOP_ANALYSIS = YES;
				CLANG_WARN_STRICT_PROTOTYPES = YES;
				CLANG_WARN_SUSPICIOUS_MOVE = YES;
				CLANG_WARN_UNGUARDED_AVAILABILITY = YES_AGGRESSIVE;
				CLANG_WARN_UNREACHABLE_CODE = YES;
				CLANG_WARN__DUPLICATE_METHOD_MATCH = YES;
				COPY_PHASE_STRIP = NO;
				DEBUG_INFORMATION_FORMAT = "dwarf-with-dsym";
				ENABLE_NS_ASSERTIONS = NO;
				ENABLE_PREVIEWS = YES;
				ENABLE_STRICT_OBJC_MSGSEND = YES;
				GCC_C_LANGUAGE_STANDARD = gnu11;
				GCC_NO_COMMON_BLOCKS = YES;
				GCC_WARN_64_TO_32_BIT_CONVERSION = YES;
				GCC_WARN_ABOUT_RETURN_TYPE = YES_ERROR;
				GCC_WARN_UNDECLARED_SELECTOR = YES;
				GCC_WARN_UNINITIALIZED_AUTOS = YES_AGGRESSIVE;
				GCC_WARN_UNUSED_FUNCTION = YES;
				GCC_WARN_UNUSED_VARIABLE = YES;
				INFOPLIST_KEY_UILaunchScreen_Generation = YES;
				INFOPLIST_KEY_UISupportedInterfaceOrientations_iPad = "UIInterfaceOrientationPortrait UIInterfaceOrientationPortraitUpsideDown UIInterfaceOrientationLandscapeLeft UIInterfaceOrientationLandscapeRight";
				INFOPLIST_KEY_UISupportedInterfaceOrientations_iPhone = UIInterfaceOrientationPortrait;
				IPHONEOS_DEPLOYMENT_TARGET = 26.0;
				MTL_ENABLE_DEBUG_INFO = NO;
				MTL_FAST_MATH = YES;
				PRODUCT_NAME = "$(TARGET_NAME)";
				SDKROOT = iphoneos;
				SWIFT_COMPILATION_MODE = wholemodule;
				SWIFT_OPTIMIZATION_LEVEL = "-O";
				SWIFT_STRICT_CONCURRENCY = complete;
				SWIFT_VERSION = 6.2;
				TARGETED_DEVICE_FAMILY = "1,2";
			};
			name = Release;
		};
		49ECA932B0044B6D5FF4BB17 /* Debug */ = {
			isa = XCBuildConfiguration;
			buildSettings = {
				CODE_SIGN_STYLE = Automatic;
				CURRENT_PROJECT_VERSION = 1;
				DEVELOPMENT_TEAM = 99NS7KLF77;
				GENERATE_INFOPLIST_FILE = NO;
				INFOPLIST_FILE = HermesMobileWidgets/Info.plist;
				LD_RUNPATH_SEARCH_PATHS = (
					"$(inherited)",
					"@executable_path/Frameworks",
					"@executable_path/../../Frameworks",
				);
				MARKETING_VERSION = 1.0.0;
				PRODUCT_BUNDLE_IDENTIFIER = io.hermesmobile.HermesMobile.Widgets;
				PRODUCT_NAME = HermesMobileWidgets;
				SDKROOT = iphoneos;
				SWIFT_VERSION = 6.2;
				TARGETED_DEVICE_FAMILY = "1,2";
			};
			name = Debug;
		};
		80800FEF16D5AFB6F13AAD75 /* Debug */ = {
			isa = XCBuildConfiguration;
			buildSettings = {
				ALWAYS_SEARCH_USER_PATHS = NO;
				ASSETCATALOG_COMPILER_APPICON_NAME = AppIcon;
				ASSETCATALOG_COMPILER_GLOBAL_ACCENT_COLOR_NAME = AccentColor;
				CLANG_ANALYZER_NONNULL = YES;
				CLANG_ANALYZER_NUMBER_OBJECT_CONVERSION = YES_AGGRESSIVE;
				CLANG_CXX_LANGUAGE_STANDARD = "gnu++14";
				CLANG_CXX_LIBRARY = "libc++";
				CLANG_ENABLE_MODULES = YES;
				CLANG_ENABLE_OBJC_ARC = YES;
				CLANG_ENABLE_OBJC_WEAK = YES;
				CLANG_WARN_BLOCK_CAPTURE_AUTORELEASING = YES;
				CLANG_WARN_BOOL_CONVERSION = YES;
				CLANG_WARN_COMMA = YES;
				CLANG_WARN_CONSTANT_CONVERSION = YES;
				CLANG_WARN_DEPRECATED_OBJC_IMPLEMENTATIONS = YES;
				CLANG_WARN_DIRECT_OBJC_ISA_USAGE = YES_ERROR;
				CLANG_WARN_DOCUMENTATION_COMMENTS = YES;
				CLANG_WARN_EMPTY_BODY = YES;
				CLANG_WARN_ENUM_CONVERSION = YES;
				CLANG_WARN_INFINITE_RECURSION = YES;
				CLANG_WARN_INT_CONVERSION = YES;
				CLANG_WARN_NON_LITERAL_NULL_CONVERSION = YES;
				CLANG_WARN_OBJC_IMPLICIT_RETAIN_SELF = YES;
				CLANG_WARN_OBJC_LITERAL_CONVERSION = YES;
				CLANG_WARN_OBJC_ROOT_CLASS = YES_ERROR;
				CLANG_WARN_QUOTED_INCLUDE_IN_FRAMEWORK_HEADER = YES;
				CLANG_WARN_RANGE_LOOP_ANALYSIS = YES;
				CLANG_WARN_STRICT_PROTOTYPES = YES;
				CLANG_WARN_SUSPICIOUS_MOVE = YES;
				CLANG_WARN_UNGUARDED_AVAILABILITY = YES_AGGRESSIVE;
				CLANG_WARN_UNREACHABLE_CODE = YES;
				CLANG_WARN__DUPLICATE_METHOD_MATCH = YES;
				COPY_PHASE_STRIP = NO;
				DEBUG_INFORMATION_FORMAT = dwarf;
				ENABLE_PREVIEWS = YES;
				ENABLE_STRICT_OBJC_MSGSEND = YES;
				ENABLE_TESTABILITY = YES;
				GCC_C_LANGUAGE_STANDARD = gnu11;
				GCC_DYNAMIC_NO_PIC = NO;
				GCC_NO_COMMON_BLOCKS = YES;
				GCC_OPTIMIZATION_LEVEL = 0;
				GCC_PREPROCESSOR_DEFINITIONS = (
					"$(inherited)",
					"DEBUG=1",
				);
				GCC_WARN_64_TO_32_BIT_CONVERSION = YES;
				GCC_WARN_ABOUT_RETURN_TYPE = YES_ERROR;
				GCC_WARN_UNDECLARED_SELECTOR = YES;
				GCC_WARN_UNINITIALIZED_AUTOS = YES_AGGRESSIVE;
				GCC_WARN_UNUSED_FUNCTION = YES;
				GCC_WARN_UNUSED_VARIABLE = YES;
				INFOPLIST_KEY_UILaunchScreen_Generation = YES;
				INFOPLIST_KEY_UISupportedInterfaceOrientations_iPad = "UIInterfaceOrientationPortrait UIInterfaceOrientationPortraitUpsideDown UIInterfaceOrientationLandscapeLeft UIInterfaceOrientationLandscapeRight";
				INFOPLIST_KEY_UISupportedInterfaceOrientations_iPhone = UIInterfaceOrientationPortrait;
				IPHONEOS_DEPLOYMENT_TARGET = 26.0;
				MTL_ENABLE_DEBUG_INFO = INCLUDE_SOURCE;
				MTL_FAST_MATH = YES;
				ONLY_ACTIVE_ARCH = YES;
				PRODUCT_NAME = "$(TARGET_NAME)";
				SDKROOT = iphoneos;
				SWIFT_ACTIVE_COMPILATION_CONDITIONS = DEBUG;
				SWIFT_OPTIMIZATION_LEVEL = "-Onone";
				SWIFT_STRICT_CONCURRENCY = complete;
				SWIFT_VERSION = 6.2;
				TARGETED_DEVICE_FAMILY = "1,2";
			};
			name = Debug;
		};
		95D0FF87BDB516128550E25B /* Release */ = {
			isa = XCBuildConfiguration;
			buildSettings = {
				BUNDLE_LOADER = "$(TEST_HOST)";
				GENERATE_INFOPLIST_FILE = YES;
				LD_RUNPATH_SEARCH_PATHS = (
					"$(inherited)",
					"@executable_path/Frameworks",
					"@loader_path/Frameworks",
				);
				PRODUCT_BUNDLE_IDENTIFIER = io.hermesmobile.HermesMobile.tests;
				SDKROOT = iphoneos;
				TARGETED_DEVICE_FAMILY = "1,2";
				TEST_HOST = "$(BUILT_PRODUCTS_DIR)/HermesMobile.app/HermesMobile";
				TEST_TARGET_NAME = HermesMobile;
			};
			name = Release;
		};
		B66B3E358307E760AB86E9DC /* Debug */ = {
			isa = XCBuildConfiguration;
			buildSettings = {
				ASSETCATALOG_COMPILER_APPICON_NAME = AppIcon;
				CODE_SIGN_ENTITLEMENTS = HermesMobile/HermesMobile.entitlements;
				"CODE_SIGN_IDENTITY[sdk=iphoneos*]" = "iPhone Developer";
				"CODE_SIGN_IDENTITY[sdk=iphonesimulator*]" = "-";
				CODE_SIGN_STYLE = Automatic;
				CURRENT_PROJECT_VERSION = 1;
				DEVELOPMENT_TEAM = 99NS7KLF77;
				ENABLE_DEBUG_DYLIB_SUPPORT = YES;
				INFOPLIST_FILE = HermesMobile/Resources/Info.plist;
				INFOPLIST_KEY_CFBundleDisplayName = HermesMobile;
				LD_RUNPATH_SEARCH_PATHS = (
					"$(inherited)",
					"@executable_path/Frameworks",
				);
				MARKETING_VERSION = 1.0.0;
				PRODUCT_BUNDLE_IDENTIFIER = io.hermesmobile.HermesMobile;
				PRODUCT_NAME = HermesMobile;
				SDKROOT = iphoneos;
				TARGETED_DEVICE_FAMILY = "1,2";
			};
			name = Debug;
		};
		BF46F89E42CAAF4678BC17BD /* Debug */ = {
			isa = XCBuildConfiguration;
			buildSettings = {
				BUNDLE_LOADER = "$(TEST_HOST)";
				GENERATE_INFOPLIST_FILE = YES;
				LD_RUNPATH_SEARCH_PATHS = (
					"$(inherited)",
					"@executable_path/Frameworks",
					"@loader_path/Frameworks",
				);
				PRODUCT_BUNDLE_IDENTIFIER = io.hermesmobile.HermesMobile.uitests;
				SDKROOT = iphoneos;
				TARGETED_DEVICE_FAMILY = "1,2";
				TEST_TARGET_NAME = HermesMobile;
			};
			name = Debug;
		};
		D4CE6CF59A2A0FA086F8CC02 /* Release */ = {
			isa = XCBuildConfiguration;
			buildSettings = {
				CODE_SIGN_STYLE = Automatic;
				CURRENT_PROJECT_VERSION = 1;
				DEVELOPMENT_TEAM = 99NS7KLF77;
				GENERATE_INFOPLIST_FILE = NO;
				INFOPLIST_FILE = HermesMobileWidgets/Info.plist;
				LD_RUNPATH_SEARCH_PATHS = (
					"$(inherited)",
					"@executable_path/Frameworks",
					"@executable_path/../../Frameworks",
				);
				MARKETING_VERSION = 1.0.0;
				PRODUCT_BUNDLE_IDENTIFIER = io.hermesmobile.HermesMobile.Widgets;
				PRODUCT_NAME = HermesMobileWidgets;
				SDKROOT = iphoneos;
				SWIFT_VERSION = 6.2;
				TARGETED_DEVICE_FAMILY = "1,2";
			};
			name = Release;
		};
		ED247F84DB9647F0037B4EFD /* Release */ = {
			isa = XCBuildConfiguration;
			buildSettings = {
				BUNDLE_LOADER = "$(TEST_HOST)";
				GENERATE_INFOPLIST_FILE = YES;
				LD_RUNPATH_SEARCH_PATHS = (
					"$(inherited)",
					"@executable_path/Frameworks",
					"@loader_path/Frameworks",
				);
				PRODUCT_BUNDLE_IDENTIFIER = io.hermesmobile.HermesMobile.uitests;
				SDKROOT = iphoneos;
				TARGETED_DEVICE_FAMILY = "1,2";
				TEST_TARGET_NAME = HermesMobile;
			};
			name = Release;
		};
		F2A197B631122A07E5B48F5B /* Release */ = {
			isa = XCBuildConfiguration;
			buildSettings = {
				ASSETCATALOG_COMPILER_APPICON_NAME = AppIcon;
				CODE_SIGN_ENTITLEMENTS = HermesMobile/HermesMobile.entitlements;
				CODE_SIGN_IDENTITY = "iPhone Developer";
				CODE_SIGN_STYLE = Automatic;
				CURRENT_PROJECT_VERSION = 1;
				DEVELOPMENT_TEAM = 99NS7KLF77;
				INFOPLIST_FILE = HermesMobile/Resources/Info.plist;
				INFOPLIST_KEY_CFBundleDisplayName = HermesMobile;
				LD_RUNPATH_SEARCH_PATHS = (
					"$(inherited)",
					"@executable_path/Frameworks",
				);
				MARKETING_VERSION = 1.0.0;
				PRODUCT_BUNDLE_IDENTIFIER = io.hermesmobile.HermesMobile;
				PRODUCT_NAME = HermesMobile;
				SDKROOT = iphoneos;
				TARGETED_DEVICE_FAMILY = "1,2";
			};
			name = Release;
		};
		F578970E7A76654DC7270619 /* Debug */ = {
			isa = XCBuildConfiguration;
			buildSettings = {
				BUNDLE_LOADER = "$(TEST_HOST)";
				GENERATE_INFOPLIST_FILE = YES;
				LD_RUNPATH_SEARCH_PATHS = (
					"$(inherited)",
					"@executable_path/Frameworks",
					"@loader_path/Frameworks",
				);
				PRODUCT_BUNDLE_IDENTIFIER = io.hermesmobile.HermesMobile.tests;
				SDKROOT = iphoneos;
				TARGETED_DEVICE_FAMILY = "1,2";
				TEST_HOST = "$(BUILT_PRODUCTS_DIR)/HermesMobile.app/HermesMobile";
				TEST_TARGET_NAME = HermesMobile;
			};
			name = Debug;
		};
/* End XCBuildConfiguration section */

/* Begin XCConfigurationList section */
		07A17B63B67E3F17E4F9C113 /* Build configuration list for PBXNativeTarget "HermesMobileWidgets" */ = {
			isa = XCConfigurationList;
			buildConfigurations = (
				49ECA932B0044B6D5FF4BB17 /* Debug */,
				D4CE6CF59A2A0FA086F8CC02 /* Release */,
			);
			defaultConfigurationIsVisible = 0;
			defaultConfigurationName = Debug;
		};
		4A8053146615346B324A482D /* Build configuration list for PBXNativeTarget "HermesMobileTests" */ = {
			isa = XCConfigurationList;
			buildConfigurations = (
				F578970E7A76654DC7270619 /* Debug */,
				95D0FF87BDB516128550E25B /* Release */,
			);
			defaultConfigurationIsVisible = 0;
			defaultConfigurationName = Debug;
		};
		9CE1E10C92AB41FAE33F8894 /* Build configuration list for PBXNativeTarget "HermesMobileUITests" */ = {
			isa = XCConfigurationList;
			buildConfigurations = (
				BF46F89E42CAAF4678BC17BD /* Debug */,
				ED247F84DB9647F0037B4EFD /* Release */,
			);
			defaultConfigurationIsVisible = 0;
			defaultConfigurationName = Debug;
		};
		BECE5B0010C9DFA1B71C3AFC /* Build configuration list for PBXProject "HermesMobile" */ = {
			isa = XCConfigurationList;
			buildConfigurations = (
				80800FEF16D5AFB6F13AAD75 /* Debug */,
				42430EED93C5DA3BA63225AC /* Release */,
			);
			defaultConfigurationIsVisible = 0;
			defaultConfigurationName = Debug;
		};
		D9CFAD2A6811924773EAA436 /* Build configuration list for PBXNativeTarget "HermesMobile" */ = {
			isa = XCConfigurationList;
			buildConfigurations = (
				B66B3E358307E760AB86E9DC /* Debug */,
				F2A197B631122A07E5B48F5B /* Release */,
			);
			defaultConfigurationIsVisible = 0;
			defaultConfigurationName = Debug;
		};
/* End XCConfigurationList section */

/* Begin XCRemoteSwiftPackageReference section */
		E3AFCB80C83190A26F7FEC48 /* XCRemoteSwiftPackageReference "WebRTC" */ = {
			isa = XCRemoteSwiftPackageReference;
			repositoryURL = "https://github.com/stasel/WebRTC.git";
			requirement = {
				kind = exactVersion;
				version = 130.0.0;
			};
		};
/* End XCRemoteSwiftPackageReference section */

/* Begin XCSwiftPackageProductDependency section */
		A81D1840456136290E452975 /* WebRTC */ = {
			isa = XCSwiftPackageProductDependency;
			package = E3AFCB80C83190A26F7FEC48 /* XCRemoteSwiftPackageReference "WebRTC" */;
			productName = WebRTC;
		};
/* End XCSwiftPackageProductDependency section */
	};
	rootObject = 2358AE5B1FB017C5923C2FD9 /* Project object */;
}
